<?xml version="1.0" encoding="utf-8"?>
<Project ToolsVersion="4.0" xmlns="http://schemas.microsoft.com/developer/msbuild/2003">
  <ItemGroup>
    <ClCompile Include="BeomJoon.cpp" />
    <ClCompile Include="CameraMovement.cpp" />
    <ClCompile Include="Controller.cpp" />
    <ClCompile Include="KiHoon.cpp" />
    <ClCompile Include="main.cpp" />
    <ClCompile Include="NaDong.cpp" />
    <ClCompile Include="Test.cpp" />
    <ClCompile Include="TestMovement.cpp" />
    <ClCompile Include="TestSingleton.cpp" />
    <ClCompile Include="YongHun.cpp" />
    <ClCompile Include="Player.cpp">
      <Filter>Player</Filter>
    </ClCompile>
    <ClCompile Include="PlayerCamera.cpp">
      <Filter>Player</Filter>
    </ClCompile>
    <ClCompile Include="Tween.cpp">
      <Filter>Tween</Filter>
    </ClCompile>
  </ItemGroup>
  <ItemGroup>
    <ClInclude Include="BeomJoon.h" />
    <ClInclude Include="CameraMovement.h" />
    <ClInclude Include="Controller.h" />
    <ClInclude Include="IMaker.h" />
    <ClInclude Include="KiHoon.h" />
    <ClInclude Include="NaDong.h" />
    <ClInclude Include="Test.h" />
    <ClInclude Include="TestMovement.h" />
    <ClInclude Include="TestSingleton.h" />
    <ClInclude Include="YongHun.h" />
    <ClInclude Include="ObjectProperty.h" />
    <ClInclude Include="Player.h">
      <Filter>Player</Filter>
    </ClInclude>
    <ClInclude Include="PlayerCamera.h">
      <Filter>Player</Filter>
    </ClInclude>
    <ClInclude Include="Tween.h">
      <Filter>Tween</Filter>
    </ClInclude>
  </ItemGroup>
  <ItemGroup>
    <Filter Include="Player">
      <UniqueIdentifier>{2d2872bf-830e-4caf-a714-11e28fa94cb7}</UniqueIdentifier>
    </Filter>
    <Filter Include="Tween">
      <UniqueIdentifier>{979bd621-82fe-498d-9055-b023b1cbc1ea}</UniqueIdentifier>
    </Filter>
  </ItemGroup>
</Project>