<?xml version="1.0" encoding="utf-8"?>
<Project ToolsVersion="4.0" xmlns="http://schemas.microsoft.com/developer/msbuild/2003">
  <ItemGroup>
    <ClCompile Include="CameraMovement.cpp" />
    <ClCompile Include="Test.cpp" />
    <ClCompile Include="Test2.cpp" />
    <ClCompile Include="Test3.cpp" />
    <ClCompile Include="TestMovement.cpp" />
    <ClCompile Include="TestSingleton.cpp" />
    <ClCompile Include="KiHoon.cpp">
      <Filter>KH\SCENE</Filter>
    </ClCompile>
    <ClCompile Include="main.cpp">
      <Filter>EntryPoint</Filter>
    </ClCompile>
    <ClCompile Include="NaDong.cpp">
      <Filter>DH</Filter>
    </ClCompile>
    <ClCompile Include="BeomJoon.cpp">
      <Filter>BJ</Filter>
    </ClCompile>
    <ClCompile Include="YongHun.cpp">
      <Filter>YH</Filter>
    </ClCompile>
    <ClCompile Include="AnimationTestController.cpp" />
    <ClCompile Include="AudioTest.cpp" />
    <ClCompile Include="AttachSystem.cpp">
      <Filter>KH\System</Filter>
    </ClCompile>
    <ClCompile Include="LauncherPlatform.cpp">
      <Filter>Device</Filter>
    </ClCompile>
    <ClCompile Include="ElectricWire.cpp">
      <Filter>Device\Electrical Device</Filter>
    </ClCompile>
    <ClCompile Include="DoorParts.cpp">
      <Filter>Device\Electrical Device</Filter>
    </ClCompile>
    <ClCompile Include="Door.cpp">
      <Filter>Device\Electrical Device</Filter>
    </ClCompile>
    <ClCompile Include="DisconnectedWire.cpp">
      <Filter>Device\Electrical Device</Filter>
    </ClCompile>
    <ClCompile Include="RewindSystem.cpp">
      <Filter>KH\System</Filter>
    </ClCompile>
    <ClCompile Include="Player.cpp">
      <Filter>KH\PLAYER\player</Filter>
    </ClCompile>
    <ClCompile Include="Controller.cpp">
      <Filter>KH\PLAYER\Controller</Filter>
    </ClCompile>
    <ClCompile Include="Holder.cpp">
      <Filter>KH\PLAYER\player</Filter>
    </ClCompile>
    <ClCompile Include="PzObject.cpp">
      <Filter>KH\Object</Filter>
    </ClCompile>
    <ClCompile Include="ButtonDevice.cpp">
      <Filter>Device\Electrical Device</Filter>
    </ClCompile>
    <ClCompile Include="SceneLoadSupport.cpp">
      <Filter>Scene</Filter>
    </ClCompile>
    <ClCompile Include="EventSystem.cpp">
      <Filter>KH\ETC\Event</Filter>
    </ClCompile>
    <ClCompile Include="AttachHoldState.cpp">
      <Filter>KH\PLAYER\State\1. Attach</Filter>
    </ClCompile>
    <ClCompile Include="AttachSelectState.cpp">
      <Filter>KH\PLAYER\State\1. Attach</Filter>
    </ClCompile>
    <ClCompile Include="RewindState.cpp">
      <Filter>KH\PLAYER\State\2. Rewind</Filter>
    </ClCompile>
    <ClCompile Include="LockState.cpp">
      <Filter>KH\PLAYER\State\3. Lock</Filter>
    </ClCompile>
    <ClCompile Include="DefaultState.cpp">
      <Filter>KH\PLAYER\State\0. Base</Filter>
    </ClCompile>
    <ClCompile Include="IslandID.cpp">
      <Filter>KH\Object</Filter>
    </ClCompile>
    <ClCompile Include="CameraController.cpp">
      <Filter>KH\PLAYER\Controller</Filter>
    </ClCompile>
    <ClCompile Include="PlayerController.cpp">
      <Filter>KH\PLAYER\Controller</Filter>
    </ClCompile>
    <ClCompile Include="IObject.cpp">
      <Filter>KH\DontUse</Filter>
    </ClCompile>
    <ClCompile Include="Rewindable.cpp">
      <Filter>KH\DontUse</Filter>
    </ClCompile>
    <ClCompile Include="TriggerDevice.cpp">
      <Filter>Device\Electrical Device</Filter>
    </ClCompile>
    <ClCompile Include="Burnable.cpp">
      <Filter>System</Filter>
    </ClCompile>
    <ClCompile Include="ObjectGenerator.cpp">
      <Filter>Device\Electrical Device</Filter>
    </ClCompile>
    <ClCompile Include="RespawnSystem.cpp">
      <Filter>System\RespawnSystem</Filter>
    </ClCompile>
    <ClCompile Include="RespawnTrigger.cpp">
      <Filter>System\RespawnSystem</Filter>
    </ClCompile>
    <ClCompile Include="TriggerCallBack.cpp">
      <Filter>System\RespawnSystem</Filter>
    </ClCompile>
    <ClCompile Include="CameraEventDevice.cpp">
      <Filter>Device\Electrical Device</Filter>
    </ClCompile>
    <ClCompile Include="ShockDetector.cpp">
      <Filter>Device\Electrical Device</Filter>
    </ClCompile>
    <ClCompile Include="DebugCameraSetting.cpp">
      <Filter>KH\ETC</Filter>
    </ClCompile>
  </ItemGroup>
  <ItemGroup>
    <ClInclude Include="CameraMovement.h" />
    <ClInclude Include="IMaker.h" />
    <ClInclude Include="Test.h" />
    <ClInclude Include="Test2.h" />
    <ClInclude Include="Test3.h" />
    <ClInclude Include="TestMovement.h" />
    <ClInclude Include="TestSingleton.h" />
    <ClInclude Include="KiHoon.h">
      <Filter>KH\SCENE</Filter>
    </ClInclude>
    <ClInclude Include="NaDong.h">
      <Filter>DH</Filter>
    </ClInclude>
    <ClInclude Include="BeomJoon.h">
      <Filter>BJ</Filter>
    </ClInclude>
    <ClInclude Include="YongHun.h">
      <Filter>YH</Filter>
    </ClInclude>
    <ClInclude Include="Singleton.h">
      <Filter>KH\ETC</Filter>
    </ClInclude>
    <ClInclude Include="AnimationTestController.h" />
    <ClInclude Include="TemplateFlag.h">
      <Filter>KH\ETC</Filter>
    </ClInclude>
    <ClInclude Include="AudioTest.h" />
    <ClInclude Include="AttachSystem.h">
      <Filter>KH\System</Filter>
    </ClInclude>
    <ClInclude Include="LauncherPlatform.h">
      <Filter>Device</Filter>
    </ClInclude>
    <ClInclude Include="IElectricalDevice.h">
      <Filter>Device\Electrical Device</Filter>
    </ClInclude>
    <ClInclude Include="ElectricWire.h">
      <Filter>Device\Electrical Device</Filter>
    </ClInclude>
    <ClInclude Include="DoorParts.h">
      <Filter>Device\Electrical Device</Filter>
    </ClInclude>
    <ClInclude Include="Door.h">
      <Filter>Device\Electrical Device</Filter>
    </ClInclude>
    <ClInclude Include="DisconnectedWire.h">
      <Filter>Device\Electrical Device</Filter>
    </ClInclude>
    <ClInclude Include="ElectricalDevice.h">
      <Filter>Device\Electrical Device</Filter>
    </ClInclude>
    <ClInclude Include="RewindSystem.h">
      <Filter>KH\System</Filter>
    </ClInclude>
    <ClInclude Include="Player.h">
      <Filter>KH\PLAYER\player</Filter>
    </ClInclude>
    <ClInclude Include="Controller.h">
      <Filter>KH\PLAYER\Controller</Filter>
    </ClInclude>
    <ClInclude Include="IState.h">
      <Filter>KH\PLAYER\State\0. Base</Filter>
    </ClInclude>
    <ClInclude Include="Holder.h">
      <Filter>KH\PLAYER\player</Filter>
    </ClInclude>
    <ClInclude Include="Hold.h">
      <Filter>KH\PLAYER\player</Filter>
    </ClInclude>
    <ClInclude Include="PzObject.h">
      <Filter>KH\Object</Filter>
    </ClInclude>
    <ClInclude Include="ButtonDevice.h">
      <Filter>Device\Electrical Device</Filter>
    </ClInclude>
    <ClInclude Include="SceneLoadSupport.h">
      <Filter>Scene</Filter>
    </ClInclude>
    <ClInclude Include="EventSystem.h">
      <Filter>KH\ETC\Event</Filter>
    </ClInclude>
    <ClInclude Include="IEvent.h">
      <Filter>KH\ETC\Event</Filter>
    </ClInclude>
    <ClInclude Include="AttachHoldState.h">
      <Filter>KH\PLAYER\State\1. Attach</Filter>
    </ClInclude>
    <ClInclude Include="AttachSelectState.h">
      <Filter>KH\PLAYER\State\1. Attach</Filter>
    </ClInclude>
    <ClInclude Include="RewindState.h">
      <Filter>KH\PLAYER\State\2. Rewind</Filter>
    </ClInclude>
    <ClInclude Include="LockState.h">
      <Filter>KH\PLAYER\State\3. Lock</Filter>
    </ClInclude>
    <ClInclude Include="DefaultState.h">
      <Filter>KH\PLAYER\State\0. Base</Filter>
    </ClInclude>
    <ClInclude Include="Spring.h">
      <Filter>KH\ETC\Spring</Filter>
    </ClInclude>
    <ClInclude Include="IslandID.h">
      <Filter>KH\Object</Filter>
    </ClInclude>
    <ClInclude Include="CameraController.h">
      <Filter>KH\PLAYER\Controller</Filter>
    </ClInclude>
    <ClInclude Include="PlayerController.h">
      <Filter>KH\PLAYER\Controller</Filter>
    </ClInclude>
    <ClInclude Include="eObjectProperty.h">
      <Filter>KH\DontUse</Filter>
    </ClInclude>
    <ClInclude Include="IObject.h">
      <Filter>KH\DontUse</Filter>
    </ClInclude>
    <ClInclude Include="Coroutine.h">
      <Filter>KH\DontUse</Filter>
    </ClInclude>
    <ClInclude Include="Snapshot.h">
      <Filter>KH\DontUse</Filter>
    </ClInclude>
    <ClInclude Include="Rewindable.h">
      <Filter>KH\DontUse</Filter>
    </ClInclude>
    <ClInclude Include="TriggerDevice.h">
      <Filter>Device\Electrical Device</Filter>
    </ClInclude>
    <ClInclude Include="Burnable.h">
      <Filter>System</Filter>
    </ClInclude>
    <ClInclude Include="ObjectGenerator.h">
      <Filter>Device\Electrical Device</Filter>
    </ClInclude>
    <ClInclude Include="CoroutineSystem.h">
      <Filter>KH\DontUse</Filter>
    </ClInclude>
    <ClInclude Include="RespawnSystem.h">
      <Filter>System\RespawnSystem</Filter>
    </ClInclude>
    <ClInclude Include="RespawnTrigger.h">
      <Filter>System\RespawnSystem</Filter>
    </ClInclude>
    <ClInclude Include="TriggerCallBack.h">
      <Filter>System\RespawnSystem</Filter>
    </ClInclude>
    <ClInclude Include="Bezier.h">
      <Filter>KH\ETC</Filter>
    </ClInclude>
    <ClInclude Include="CameraEventDevice.h">
      <Filter>Device\Electrical Device</Filter>
    </ClInclude>
    <ClInclude Include="ShockDetector.h">
      <Filter>Device\Electrical Device</Filter>
    </ClInclude>
    <ClInclude Include="DebugCameraSetting.h">
      <Filter>KH\ETC</Filter>
    </ClInclude>
  </ItemGroup>
  <ItemGroup>
    <Filter Include="KH">
      <UniqueIdentifier>{93a3032c-a648-43dd-a9b8-4b9a0884efe1}</UniqueIdentifier>
    </Filter>
    <Filter Include="KH\SCENE">
      <UniqueIdentifier>{37249a48-b695-43b3-b122-742d33c69569}</UniqueIdentifier>
    </Filter>
    <Filter Include="KH\PLAYER">
      <UniqueIdentifier>{2bca997a-4dfd-4f5e-b7f0-be07c5f10356}</UniqueIdentifier>
    </Filter>
    <Filter Include="EntryPoint">
      <UniqueIdentifier>{4d62666c-da44-4bd4-9655-21e82a2cbd6f}</UniqueIdentifier>
    </Filter>
    <Filter Include="DH">
      <UniqueIdentifier>{4cae644f-611d-4614-913f-88e42e5f3dc1}</UniqueIdentifier>
    </Filter>
    <Filter Include="BJ">
      <UniqueIdentifier>{56dfe26d-ed46-4315-a567-c2968c5d6044}</UniqueIdentifier>
    </Filter>
    <Filter Include="YH">
      <UniqueIdentifier>{4673e658-65bd-4ea5-9228-e1d498ecad54}</UniqueIdentifier>
    </Filter>
    <Filter Include="KH\ETC">
      <UniqueIdentifier>{048452e9-c902-4698-9af9-8e4a9122f0c9}</UniqueIdentifier>
    </Filter>
    <Filter Include="KH\Object">
      <UniqueIdentifier>{0095cd59-04b0-4218-b5d5-e6a72052ab37}</UniqueIdentifier>
    </Filter>
    <Filter Include="KH\PLAYER\Controller">
      <UniqueIdentifier>{3eab93c0-5124-4361-9b20-d32a1781124c}</UniqueIdentifier>
    </Filter>
    <Filter Include="KH\System">
      <UniqueIdentifier>{f261e56a-a180-4a83-9048-508b0f8b4365}</UniqueIdentifier>
    </Filter>
    <Filter Include="Device">
      <UniqueIdentifier>{7cd738f5-ece7-48a9-a588-7373c98ef873}</UniqueIdentifier>
    </Filter>
    <Filter Include="Device\Electrical Device">
      <UniqueIdentifier>{e7cf815f-cb0a-44b0-8f1b-71201b6bde88}</UniqueIdentifier>
    </Filter>
    <Filter Include="KH\PLAYER\State">
      <UniqueIdentifier>{6452ba17-f6c7-4808-9efa-26bba6abd277}</UniqueIdentifier>
    </Filter>
    <Filter Include="KH\PLAYER\player">
      <UniqueIdentifier>{47d937ba-85a6-4d65-82a3-edc8a443434f}</UniqueIdentifier>
    </Filter>
    <Filter Include="Scene">
      <UniqueIdentifier>{f699f263-adde-4526-b6b9-8c1a94fd71bf}</UniqueIdentifier>
    </Filter>
    <Filter Include="KH\ETC\Event">
      <UniqueIdentifier>{deb837b3-6858-40ac-8d7e-ad77d6f59a0d}</UniqueIdentifier>
    </Filter>
    <Filter Include="KH\PLAYER\State\1. Attach">
      <UniqueIdentifier>{7109f2c3-c018-4c1e-852a-211d37186a5d}</UniqueIdentifier>
    </Filter>
    <Filter Include="KH\PLAYER\State\2. Rewind">
      <UniqueIdentifier>{c55d0c0d-984a-42bd-952b-03573e3889e0}</UniqueIdentifier>
    </Filter>
    <Filter Include="KH\PLAYER\State\3. Lock">
      <UniqueIdentifier>{3188c28a-1336-4d77-9305-4beebb7af609}</UniqueIdentifier>
    </Filter>
    <Filter Include="KH\PLAYER\State\0. Base">
      <UniqueIdentifier>{f6c2598c-888c-4205-9a79-ac89b2ee3273}</UniqueIdentifier>
    </Filter>
    <Filter Include="KH\ETC\Spring">
      <UniqueIdentifier>{a669704a-870c-42bc-abbf-ff43288a54a1}</UniqueIdentifier>
    </Filter>
    <Filter Include="KH\DontUse">
      <UniqueIdentifier>{c4dd7df6-5422-4dd4-a7b5-cbbe304f3e1f}</UniqueIdentifier>
    </Filter>
    <Filter Include="System">
      <UniqueIdentifier>{3b98224b-9672-4ea3-8d29-9e698c6c293d}</UniqueIdentifier>
    </Filter>
    <Filter Include="System\RespawnSystem">
      <UniqueIdentifier>{15b5728b-e79d-4e17-8d72-53db11e254da}</UniqueIdentifier>
    </Filter>
  </ItemGroup>
</Project>