
Microsoft Visual Studio Solution File, Format Version 12.00
# Visual Studio Version 17
VisualStudioVersion = 17.7.34031.279
MinimumVisualStudioVersion = 10.0.40219.1
Project("{8BC9CEB8-8B4A-11D0-8D11-00A0C91BC942}") = "PurahEngine", "PurahEngine\PurahEngine.vcxproj", "{E019C6BD-4430-4A5F-A34F-6A7EB07DAA07}"
	ProjectSection(ProjectDependencies) = postProject
		{26D6405A-AC06-4F74-BB18-8FFDD4BE4AE6} = {26D6405A-AC06-4F74-BB18-8FFDD4BE4AE6}
		{27DCDC47-2637-44B1-836A-06CCF14DD2FD} = {27DCDC47-2637-44B1-836A-06CCF14DD2FD}
		{47AF42E8-E0AA-46A6-A30F-43A4FBFBADE8} = {47AF42E8-E0AA-46A6-A30F-43A4FBFBADE8}
		{95645C1E-C693-42C4-8D1B-281AB31B6A14} = {95645C1E-C693-42C4-8D1B-281AB31B6A14}
		{DB16270B-142F-4510-B13D-E7DA98F942D3} = {DB16270B-142F-4510-B13D-E7DA98F942D3}
	EndProjectSection
EndProject
Project("{8BC9CEB8-8B4A-11D0-8D11-00A0C91BC942}") = "ZonaiMath", "ZonaiMath\ZonaiMath.vcxproj", "{B6A14AD2-1DAD-4144-9C53-2D8664F0A03F}"
EndProject
Project("{8BC9CEB8-8B4A-11D0-8D11-00A0C91BC942}") = "ZonaiSounds", "ZonaiSounds\ZonaiSounds.vcxproj", "{DB16270B-142F-4510-B13D-E7DA98F942D3}"
EndProject
Project("{8BC9CEB8-8B4A-11D0-8D11-00A0C91BC942}") = "ZonaiUtility", "ZonaiUtility\ZonaiUtility.vcxproj", "{95645C1E-C693-42C4-8D1B-281AB31B6A14}"
EndProject
Project("{8BC9CEB8-8B4A-11D0-8D11-00A0C91BC942}") = "ZeldaClient", "ZeldaClient\ZeldaClient.vcxproj", "{524A9CA8-8478-44E7-9318-73A637BD2AA5}"
	ProjectSection(ProjectDependencies) = postProject
		{E019C6BD-4430-4A5F-A34F-6A7EB07DAA07} = {E019C6BD-4430-4A5F-A34F-6A7EB07DAA07}
	EndProjectSection
EndProject
Project("{2150E333-8FDC-42A3-9474-1A3956D46DE8}") = "솔루션 항목", "솔루션 항목", "{EFC4435C-4319-443F-BDA7-415D45DB01E8}"
EndProject
Project("{8BC9CEB8-8B4A-11D0-8D11-00A0C91BC942}") = "ZeldaGraphics", "ZeldaGraphics\ZeldaGraphics.vcxproj", "{27DCDC47-2637-44B1-836A-06CCF14DD2FD}"
	ProjectSection(ProjectDependencies) = postProject
		{00DD1113-33FA-44D8-847A-027EE8CBC5D6} = {00DD1113-33FA-44D8-847A-027EE8CBC5D6}
	EndProjectSection
EndProject
Project("{8BC9CEB8-8B4A-11D0-8D11-00A0C91BC942}") = "GraphicsTest", "GraphicsTest\GraphicsTest.vcxproj", "{EAF21DD6-67B1-4F6E-8098-B1A5FE6622A7}"
	ProjectSection(ProjectDependencies) = postProject
		{27DCDC47-2637-44B1-836A-06CCF14DD2FD} = {27DCDC47-2637-44B1-836A-06CCF14DD2FD}
	EndProjectSection
EndProject
Project("{8BC9CEB8-8B4A-11D0-8D11-00A0C91BC942}") = "ZeldaFBXLoader", "ZeldaFBXLoader\ZeldaFBXLoader.vcxproj", "{00DD1113-33FA-44D8-847A-027EE8CBC5D6}"
EndProject
Project("{8BC9CEB8-8B4A-11D0-8D11-00A0C91BC942}") = "ZonaiPhysicsBase", "ZonaiPhysicsBase\ZonaiPhysicsBase.vcxproj", "{26D6405A-AC06-4F74-BB18-8FFDD4BE4AE6}"
EndProject
Project("{8BC9CEB8-8B4A-11D0-8D11-00A0C91BC942}") = "ZonaiPhysicsX", "ZonaiPhysicsX\ZonaiPhysicsX.vcxproj", "{47AF42E8-E0AA-46A6-A30F-43A4FBFBADE8}"
	ProjectSection(ProjectDependencies) = postProject
		{00DD1113-33FA-44D8-847A-027EE8CBC5D6} = {00DD1113-33FA-44D8-847A-027EE8CBC5D6}
	EndProjectSection
EndProject
Global
	GlobalSection(SolutionConfigurationPlatforms) = preSolution
		Debug|x64 = Debug|x64
		Debug|x86 = Debug|x86
		Release|x64 = Release|x64
		Release|x86 = Release|x86
	EndGlobalSection
	GlobalSection(ProjectConfigurationPlatforms) = postSolution
		{E019C6BD-4430-4A5F-A34F-6A7EB07DAA07}.Debug|x64.ActiveCfg = Debug|x64
		{E019C6BD-4430-4A5F-A34F-6A7EB07DAA07}.Debug|x64.Build.0 = Debug|x64
		{E019C6BD-4430-4A5F-A34F-6A7EB07DAA07}.Debug|x86.ActiveCfg = Debug|Win32
		{E019C6BD-4430-4A5F-A34F-6A7EB07DAA07}.Debug|x86.Build.0 = Debug|Win32
		{E019C6BD-4430-4A5F-A34F-6A7EB07DAA07}.Release|x64.ActiveCfg = Release|x64
		{E019C6BD-4430-4A5F-A34F-6A7EB07DAA07}.Release|x64.Build.0 = Release|x64
		{E019C6BD-4430-4A5F-A34F-6A7EB07DAA07}.Release|x86.ActiveCfg = Release|Win32
		{E019C6BD-4430-4A5F-A34F-6A7EB07DAA07}.Release|x86.Build.0 = Release|Win32
		{B6A14AD2-1DAD-4144-9C53-2D8664F0A03F}.Debug|x64.ActiveCfg = Debug|x64
		{B6A14AD2-1DAD-4144-9C53-2D8664F0A03F}.Debug|x64.Build.0 = Debug|x64
		{B6A14AD2-1DAD-4144-9C53-2D8664F0A03F}.Debug|x86.ActiveCfg = Debug|Win32
		{B6A14AD2-1DAD-4144-9C53-2D8664F0A03F}.Debug|x86.Build.0 = Debug|Win32
		{B6A14AD2-1DAD-4144-9C53-2D8664F0A03F}.Release|x64.ActiveCfg = Release|x64
		{B6A14AD2-1DAD-4144-9C53-2D8664F0A03F}.Release|x64.Build.0 = Release|x64
		{B6A14AD2-1DAD-4144-9C53-2D8664F0A03F}.Release|x86.ActiveCfg = Release|Win32
		{B6A14AD2-1DAD-4144-9C53-2D8664F0A03F}.Release|x86.Build.0 = Release|Win32
		{DB16270B-142F-4510-B13D-E7DA98F942D3}.Debug|x64.ActiveCfg = Debug|x64
		{DB16270B-142F-4510-B13D-E7DA98F942D3}.Debug|x64.Build.0 = Debug|x64
		{DB16270B-142F-4510-B13D-E7DA98F942D3}.Debug|x86.ActiveCfg = Debug|Win32
		{DB16270B-142F-4510-B13D-E7DA98F942D3}.Debug|x86.Build.0 = Debug|Win32
		{DB16270B-142F-4510-B13D-E7DA98F942D3}.Release|x64.ActiveCfg = Release|x64
		{DB16270B-142F-4510-B13D-E7DA98F942D3}.Release|x64.Build.0 = Release|x64
		{DB16270B-142F-4510-B13D-E7DA98F942D3}.Release|x86.ActiveCfg = Release|Win32
		{DB16270B-142F-4510-B13D-E7DA98F942D3}.Release|x86.Build.0 = Release|Win32
		{95645C1E-C693-42C4-8D1B-281AB31B6A14}.Debug|x64.ActiveCfg = Debug|x64
		{95645C1E-C693-42C4-8D1B-281AB31B6A14}.Debug|x64.Build.0 = Debug|x64
		{95645C1E-C693-42C4-8D1B-281AB31B6A14}.Debug|x86.ActiveCfg = Debug|Win32
		{95645C1E-C693-42C4-8D1B-281AB31B6A14}.Debug|x86.Build.0 = Debug|Win32
		{95645C1E-C693-42C4-8D1B-281AB31B6A14}.Release|x64.ActiveCfg = Release|x64
		{95645C1E-C693-42C4-8D1B-281AB31B6A14}.Release|x64.Build.0 = Release|x64
		{95645C1E-C693-42C4-8D1B-281AB31B6A14}.Release|x86.ActiveCfg = Release|Win32
		{95645C1E-C693-42C4-8D1B-281AB31B6A14}.Release|x86.Build.0 = Release|Win32
		{524A9CA8-8478-44E7-9318-73A637BD2AA5}.Debug|x64.ActiveCfg = Debug|x64
		{524A9CA8-8478-44E7-9318-73A637BD2AA5}.Debug|x64.Build.0 = Debug|x64
		{524A9CA8-8478-44E7-9318-73A637BD2AA5}.Debug|x86.ActiveCfg = Debug|Win32
		{524A9CA8-8478-44E7-9318-73A637BD2AA5}.Debug|x86.Build.0 = Debug|Win32
		{524A9CA8-8478-44E7-9318-73A637BD2AA5}.Release|x64.ActiveCfg = Release|x64
		{524A9CA8-8478-44E7-9318-73A637BD2AA5}.Release|x64.Build.0 = Release|x64
		{524A9CA8-8478-44E7-9318-73A637BD2AA5}.Release|x86.ActiveCfg = Release|Win32
		{524A9CA8-8478-44E7-9318-73A637BD2AA5}.Release|x86.Build.0 = Release|Win32
		{27DCDC47-2637-44B1-836A-06CCF14DD2FD}.Debug|x64.ActiveCfg = Debug|x64
		{27DCDC47-2637-44B1-836A-06CCF14DD2FD}.Debug|x64.Build.0 = Debug|x64
		{27DCDC47-2637-44B1-836A-06CCF14DD2FD}.Debug|x86.ActiveCfg = Debug|Win32
		{27DCDC47-2637-44B1-836A-06CCF14DD2FD}.Debug|x86.Build.0 = Debug|Win32
		{27DCDC47-2637-44B1-836A-06CCF14DD2FD}.Release|x64.ActiveCfg = Release|x64
		{27DCDC47-2637-44B1-836A-06CCF14DD2FD}.Release|x64.Build.0 = Release|x64
		{27DCDC47-2637-44B1-836A-06CCF14DD2FD}.Release|x86.ActiveCfg = Release|Win32
		{27DCDC47-2637-44B1-836A-06CCF14DD2FD}.Release|x86.Build.0 = Release|Win32
		{EAF21DD6-67B1-4F6E-8098-B1A5FE6622A7}.Debug|x64.ActiveCfg = Debug|x64
		{EAF21DD6-67B1-4F6E-8098-B1A5FE6622A7}.Debug|x64.Build.0 = Debug|x64
		{EAF21DD6-67B1-4F6E-8098-B1A5FE6622A7}.Debug|x86.ActiveCfg = Debug|Win32
		{EAF21DD6-67B1-4F6E-8098-B1A5FE6622A7}.Debug|x86.Build.0 = Debug|Win32
		{EAF21DD6-67B1-4F6E-8098-B1A5FE6622A7}.Release|x64.ActiveCfg = Release|x64
		{EAF21DD6-67B1-4F6E-8098-B1A5FE6622A7}.Release|x64.Build.0 = Release|x64
		{EAF21DD6-67B1-4F6E-8098-B1A5FE6622A7}.Release|x86.ActiveCfg = Release|Win32
		{EAF21DD6-67B1-4F6E-8098-B1A5FE6622A7}.Release|x86.Build.0 = Release|Win32
		{00DD1113-33FA-44D8-847A-027EE8CBC5D6}.Debug|x64.ActiveCfg = Debug|x64
		{00DD1113-33FA-44D8-847A-027EE8CBC5D6}.Debug|x64.Build.0 = Debug|x64
		{00DD1113-33FA-44D8-847A-027EE8CBC5D6}.Debug|x86.ActiveCfg = Debug|Win32
		{00DD1113-33FA-44D8-847A-027EE8CBC5D6}.Debug|x86.Build.0 = Debug|Win32
		{00DD1113-33FA-44D8-847A-027EE8CBC5D6}.Release|x64.ActiveCfg = Release|x64
		{00DD1113-33FA-44D8-847A-027EE8CBC5D6}.Release|x64.Build.0 = Release|x64
		{00DD1113-33FA-44D8-847A-027EE8CBC5D6}.Release|x86.ActiveCfg = Release|Win32
		{00DD1113-33FA-44D8-847A-027EE8CBC5D6}.Release|x86.Build.0 = Release|Win32
		{26D6405A-AC06-4F74-BB18-8FFDD4BE4AE6}.Debug|x64.ActiveCfg = Debug|x64
		{26D6405A-AC06-4F74-BB18-8FFDD4BE4AE6}.Debug|x64.Build.0 = Debug|x64
		{26D6405A-AC06-4F74-BB18-8FFDD4BE4AE6}.Debug|x86.ActiveCfg = Debug|Win32
		{26D6405A-AC06-4F74-BB18-8FFDD4BE4AE6}.Debug|x86.Build.0 = Debug|Win32
		{26D6405A-AC06-4F74-BB18-8FFDD4BE4AE6}.Release|x64.ActiveCfg = Release|x64
		{26D6405A-AC06-4F74-BB18-8FFDD4BE4AE6}.Release|x64.Build.0 = Release|x64
		{26D6405A-AC06-4F74-BB18-8FFDD4BE4AE6}.Release|x86.ActiveCfg = Release|Win32
		{26D6405A-AC06-4F74-BB18-8FFDD4BE4AE6}.Release|x86.Build.0 = Release|Win32
		{47AF42E8-E0AA-46A6-A30F-43A4FBFBADE8}.Debug|x64.ActiveCfg = Debug|x64
		{47AF42E8-E0AA-46A6-A30F-43A4FBFBADE8}.Debug|x64.Build.0 = Debug|x64
		{47AF42E8-E0AA-46A6-A30F-43A4FBFBADE8}.Debug|x86.ActiveCfg = Debug|Win32
		{47AF42E8-E0AA-46A6-A30F-43A4FBFBADE8}.Debug|x86.Build.0 = Debug|Win32
		{47AF42E8-E0AA-46A6-A30F-43A4FBFBADE8}.Release|x64.ActiveCfg = Release|x64
		{47AF42E8-E0AA-46A6-A30F-43A4FBFBADE8}.Release|x64.Build.0 = Release|x64
		{47AF42E8-E0AA-46A6-A30F-43A4FBFBADE8}.Release|x86.ActiveCfg = Release|Win32
		{47AF42E8-E0AA-46A6-A30F-43A4FBFBADE8}.Release|x86.Build.0 = Release|Win32
	EndGlobalSection
	GlobalSection(SolutionProperties) = preSolution
		HideSolutionNode = FALSE
	EndGlobalSection
	GlobalSection(ExtensibilityGlobals) = postSolution
		SolutionGuid = {346BC66F-585F-47C8-965B-0A849B7C47C7}
	EndGlobalSection
EndGlobal
