
Microsoft Visual Studio Solution File, Format Version 12.00
# Visual Studio Version 17
VisualStudioVersion = 17.7.34031.279
MinimumVisualStudioVersion = 10.0.40219.1
Project("{2150E333-8FDC-42A3-9474-1A3956D46DE8}") = "솔루션 항목", "솔루션 항목", "{EFC4435C-4319-443F-BDA7-415D45DB01E8}"
EndProject
Project("{8BC9CEB8-8B4A-11D0-8D11-00A0C91BC942}") = "GraphicsTest", "GraphicsTest\GraphicsTest.vcxproj", "{EAF21DD6-67B1-4F6E-8098-B1A5FE6622A7}"
EndProject
Project("{8BC9CEB8-8B4A-11D0-8D11-00A0C91BC942}") = "PurahEngine", "PurahEngine\PurahEngine.vcxproj", "{E019C6BD-4430-4A5F-A34F-6A7EB07DAA07}"
	ProjectSection(ProjectDependencies) = postProject
		{27DCDC47-2637-44B1-836A-06CCF14DD2FD} = {27DCDC47-2637-44B1-836A-06CCF14DD2FD}
		{47AF42E8-E0AA-46A6-A30F-43A4FBFBADE8} = {47AF42E8-E0AA-46A6-A30F-43A4FBFBADE8}
	EndProjectSection
EndProject
Project("{8BC9CEB8-8B4A-11D0-8D11-00A0C91BC942}") = "ZeldaClient", "ZeldaClient\ZeldaClient.vcxproj", "{524A9CA8-8478-44E7-9318-73A637BD2AA5}"
	ProjectSection(ProjectDependencies) = postProject
		{E019C6BD-4430-4A5F-A34F-6A7EB07DAA07} = {E019C6BD-4430-4A5F-A34F-6A7EB07DAA07}
	EndProjectSection
EndProject
Project("{8BC9CEB8-8B4A-11D0-8D11-00A0C91BC942}") = "ZeldaFBXLoader", "ZeldaFBXLoader\ZeldaFBXLoader.vcxproj", "{00DD1113-33FA-44D8-847A-027EE8CBC5D6}"
EndProject
Project("{8BC9CEB8-8B4A-11D0-8D11-00A0C91BC942}") = "ZeldaGraphics", "ZeldaGraphics\ZeldaGraphics.vcxproj", "{27DCDC47-2637-44B1-836A-06CCF14DD2FD}"
EndProject
Project("{8BC9CEB8-8B4A-11D0-8D11-00A0C91BC942}") = "ZonaiPhysicsBase", "ZonaiPhysicsBase\ZonaiPhysicsBase.vcxproj", "{26D6405A-AC06-4F74-BB18-8FFDD4BE4AE6}"
EndProject
Project("{8BC9CEB8-8B4A-11D0-8D11-00A0C91BC942}") = "ZonaiPhysicsX", "ZonaiPhysicsX\ZonaiPhysicsX.vcxproj", "{47AF42E8-E0AA-46A6-A30F-43A4FBFBADE8}"
	ProjectSection(ProjectDependencies) = postProject
		{26D6405A-AC06-4F74-BB18-8FFDD4BE4AE6} = {26D6405A-AC06-4F74-BB18-8FFDD4BE4AE6}
	EndProjectSection
EndProject
Global
	GlobalSection(SolutionConfigurationPlatforms) = preSolution
		Debug|x64 = Debug|x64
		Debug|x86 = Debug|x86
		FBX_Mt|x64 = FBX_Mt|x64
		FBX_Mt|x86 = FBX_Mt|x86
		FBX_Mtd|x64 = FBX_Mtd|x64
		FBX_Mtd|x86 = FBX_Mtd|x86
		Mtd|x64 = Mtd|x64
		Mtd|x86 = Mtd|x86
		Release|x64 = Release|x64
		Release|x86 = Release|x86
		YH_DEBUG|x64 = YH_DEBUG|x64
		YH_DEBUG|x86 = YH_DEBUG|x86
		YH_RELEASE|x64 = YH_RELEASE|x64
		YH_RELEASE|x86 = YH_RELEASE|x86
	EndGlobalSection
	GlobalSection(ProjectConfigurationPlatforms) = postSolution
		{EAF21DD6-67B1-4F6E-8098-B1A5FE6622A7}.Debug|x64.ActiveCfg = Debug|x64
		{EAF21DD6-67B1-4F6E-8098-B1A5FE6622A7}.Debug|x64.Build.0 = Debug|x64
		{EAF21DD6-67B1-4F6E-8098-B1A5FE6622A7}.Debug|x86.ActiveCfg = Debug|Win32
		{EAF21DD6-67B1-4F6E-8098-B1A5FE6622A7}.Debug|x86.Build.0 = Debug|Win32
		{EAF21DD6-67B1-4F6E-8098-B1A5FE6622A7}.FBX_Mt|x64.ActiveCfg = Debug|x64
		{EAF21DD6-67B1-4F6E-8098-B1A5FE6622A7}.FBX_Mt|x64.Build.0 = Debug|x64
		{EAF21DD6-67B1-4F6E-8098-B1A5FE6622A7}.FBX_Mt|x86.ActiveCfg = Debug|Win32
		{EAF21DD6-67B1-4F6E-8098-B1A5FE6622A7}.FBX_Mt|x86.Build.0 = Debug|Win32
		{EAF21DD6-67B1-4F6E-8098-B1A5FE6622A7}.FBX_Mtd|x64.ActiveCfg = Debug|x64
		{EAF21DD6-67B1-4F6E-8098-B1A5FE6622A7}.FBX_Mtd|x64.Build.0 = Debug|x64
		{EAF21DD6-67B1-4F6E-8098-B1A5FE6622A7}.FBX_Mtd|x86.ActiveCfg = Debug|Win32
		{EAF21DD6-67B1-4F6E-8098-B1A5FE6622A7}.FBX_Mtd|x86.Build.0 = Debug|Win32
		{EAF21DD6-67B1-4F6E-8098-B1A5FE6622A7}.Mtd|x64.ActiveCfg = Debug|x64
		{EAF21DD6-67B1-4F6E-8098-B1A5FE6622A7}.Mtd|x64.Build.0 = Debug|x64
		{EAF21DD6-67B1-4F6E-8098-B1A5FE6622A7}.Mtd|x86.ActiveCfg = Debug|Win32
		{EAF21DD6-67B1-4F6E-8098-B1A5FE6622A7}.Mtd|x86.Build.0 = Debug|Win32
		{EAF21DD6-67B1-4F6E-8098-B1A5FE6622A7}.Release|x64.ActiveCfg = Release|x64
		{EAF21DD6-67B1-4F6E-8098-B1A5FE6622A7}.Release|x64.Build.0 = Release|x64
		{EAF21DD6-67B1-4F6E-8098-B1A5FE6622A7}.Release|x86.ActiveCfg = Release|Win32
		{EAF21DD6-67B1-4F6E-8098-B1A5FE6622A7}.Release|x86.Build.0 = Release|Win32
		{EAF21DD6-67B1-4F6E-8098-B1A5FE6622A7}.YH_DEBUG|x64.ActiveCfg = Debug|x64
		{EAF21DD6-67B1-4F6E-8098-B1A5FE6622A7}.YH_DEBUG|x64.Build.0 = Debug|x64
		{EAF21DD6-67B1-4F6E-8098-B1A5FE6622A7}.YH_DEBUG|x86.ActiveCfg = Debug|Win32
		{EAF21DD6-67B1-4F6E-8098-B1A5FE6622A7}.YH_DEBUG|x86.Build.0 = Debug|Win32
		{EAF21DD6-67B1-4F6E-8098-B1A5FE6622A7}.YH_RELEASE|x64.ActiveCfg = Debug|x64
		{EAF21DD6-67B1-4F6E-8098-B1A5FE6622A7}.YH_RELEASE|x64.Build.0 = Debug|x64
		{EAF21DD6-67B1-4F6E-8098-B1A5FE6622A7}.YH_RELEASE|x86.ActiveCfg = Debug|Win32
		{EAF21DD6-67B1-4F6E-8098-B1A5FE6622A7}.YH_RELEASE|x86.Build.0 = Debug|Win32
		{E019C6BD-4430-4A5F-A34F-6A7EB07DAA07}.Debug|x64.ActiveCfg = Debug|x64
		{E019C6BD-4430-4A5F-A34F-6A7EB07DAA07}.Debug|x64.Build.0 = Debug|x64
		{E019C6BD-4430-4A5F-A34F-6A7EB07DAA07}.Debug|x86.ActiveCfg = Debug|Win32
		{E019C6BD-4430-4A5F-A34F-6A7EB07DAA07}.Debug|x86.Build.0 = Debug|Win32
		{E019C6BD-4430-4A5F-A34F-6A7EB07DAA07}.FBX_Mt|x64.ActiveCfg = Release|x64
		{E019C6BD-4430-4A5F-A34F-6A7EB07DAA07}.FBX_Mt|x64.Build.0 = Release|x64
		{E019C6BD-4430-4A5F-A34F-6A7EB07DAA07}.FBX_Mt|x86.ActiveCfg = Debug|Win32
		{E019C6BD-4430-4A5F-A34F-6A7EB07DAA07}.FBX_Mt|x86.Build.0 = Debug|Win32
		{E019C6BD-4430-4A5F-A34F-6A7EB07DAA07}.FBX_Mtd|x64.ActiveCfg = Release|x64
		{E019C6BD-4430-4A5F-A34F-6A7EB07DAA07}.FBX_Mtd|x64.Build.0 = Release|x64
		{E019C6BD-4430-4A5F-A34F-6A7EB07DAA07}.FBX_Mtd|x86.ActiveCfg = Debug|Win32
		{E019C6BD-4430-4A5F-A34F-6A7EB07DAA07}.FBX_Mtd|x86.Build.0 = Debug|Win32
		{E019C6BD-4430-4A5F-A34F-6A7EB07DAA07}.Mtd|x64.ActiveCfg = Release|x64
		{E019C6BD-4430-4A5F-A34F-6A7EB07DAA07}.Mtd|x64.Build.0 = Release|x64
		{E019C6BD-4430-4A5F-A34F-6A7EB07DAA07}.Mtd|x86.ActiveCfg = Debug|Win32
		{E019C6BD-4430-4A5F-A34F-6A7EB07DAA07}.Mtd|x86.Build.0 = Debug|Win32
		{E019C6BD-4430-4A5F-A34F-6A7EB07DAA07}.Release|x64.ActiveCfg = Release|x64
		{E019C6BD-4430-4A5F-A34F-6A7EB07DAA07}.Release|x64.Build.0 = Release|x64
		{E019C6BD-4430-4A5F-A34F-6A7EB07DAA07}.Release|x86.ActiveCfg = Release|Win32
		{E019C6BD-4430-4A5F-A34F-6A7EB07DAA07}.Release|x86.Build.0 = Release|Win32
		{E019C6BD-4430-4A5F-A34F-6A7EB07DAA07}.YH_DEBUG|x64.ActiveCfg = YH_DEBUG|x64
		{E019C6BD-4430-4A5F-A34F-6A7EB07DAA07}.YH_DEBUG|x64.Build.0 = YH_DEBUG|x64
		{E019C6BD-4430-4A5F-A34F-6A7EB07DAA07}.YH_DEBUG|x86.ActiveCfg = YH_DEBUG|Win32
		{E019C6BD-4430-4A5F-A34F-6A7EB07DAA07}.YH_DEBUG|x86.Build.0 = YH_DEBUG|Win32
		{E019C6BD-4430-4A5F-A34F-6A7EB07DAA07}.YH_RELEASE|x64.ActiveCfg = YH_RELEASE|x64
		{E019C6BD-4430-4A5F-A34F-6A7EB07DAA07}.YH_RELEASE|x64.Build.0 = YH_RELEASE|x64
		{E019C6BD-4430-4A5F-A34F-6A7EB07DAA07}.YH_RELEASE|x86.ActiveCfg = YH_RELEASE|Win32
		{E019C6BD-4430-4A5F-A34F-6A7EB07DAA07}.YH_RELEASE|x86.Build.0 = YH_RELEASE|Win32
		{524A9CA8-8478-44E7-9318-73A637BD2AA5}.Debug|x64.ActiveCfg = Debug|x64
		{524A9CA8-8478-44E7-9318-73A637BD2AA5}.Debug|x64.Build.0 = Debug|x64
		{524A9CA8-8478-44E7-9318-73A637BD2AA5}.Debug|x86.ActiveCfg = Debug|Win32
		{524A9CA8-8478-44E7-9318-73A637BD2AA5}.Debug|x86.Build.0 = Debug|Win32
		{524A9CA8-8478-44E7-9318-73A637BD2AA5}.FBX_Mt|x64.ActiveCfg = Release|x64
		{524A9CA8-8478-44E7-9318-73A637BD2AA5}.FBX_Mt|x64.Build.0 = Release|x64
		{524A9CA8-8478-44E7-9318-73A637BD2AA5}.FBX_Mt|x86.ActiveCfg = Debug|Win32
		{524A9CA8-8478-44E7-9318-73A637BD2AA5}.FBX_Mt|x86.Build.0 = Debug|Win32
		{524A9CA8-8478-44E7-9318-73A637BD2AA5}.FBX_Mtd|x64.ActiveCfg = Release|x64
		{524A9CA8-8478-44E7-9318-73A637BD2AA5}.FBX_Mtd|x64.Build.0 = Release|x64
		{524A9CA8-8478-44E7-9318-73A637BD2AA5}.FBX_Mtd|x86.ActiveCfg = Debug|Win32
		{524A9CA8-8478-44E7-9318-73A637BD2AA5}.FBX_Mtd|x86.Build.0 = Debug|Win32
		{524A9CA8-8478-44E7-9318-73A637BD2AA5}.Mtd|x64.ActiveCfg = Release|x64
		{524A9CA8-8478-44E7-9318-73A637BD2AA5}.Mtd|x64.Build.0 = Release|x64
		{524A9CA8-8478-44E7-9318-73A637BD2AA5}.Mtd|x86.ActiveCfg = Debug|Win32
		{524A9CA8-8478-44E7-9318-73A637BD2AA5}.Mtd|x86.Build.0 = Debug|Win32
		{524A9CA8-8478-44E7-9318-73A637BD2AA5}.Release|x64.ActiveCfg = Release|x64
		{524A9CA8-8478-44E7-9318-73A637BD2AA5}.Release|x64.Build.0 = Release|x64
		{524A9CA8-8478-44E7-9318-73A637BD2AA5}.Release|x86.ActiveCfg = Release|Win32
		{524A9CA8-8478-44E7-9318-73A637BD2AA5}.Release|x86.Build.0 = Release|Win32
		{524A9CA8-8478-44E7-9318-73A637BD2AA5}.YH_DEBUG|x64.ActiveCfg = Release|x64
		{524A9CA8-8478-44E7-9318-73A637BD2AA5}.YH_DEBUG|x64.Build.0 = Release|x64
		{524A9CA8-8478-44E7-9318-73A637BD2AA5}.YH_DEBUG|x86.ActiveCfg = Debug|Win32
		{524A9CA8-8478-44E7-9318-73A637BD2AA5}.YH_DEBUG|x86.Build.0 = Debug|Win32
		{524A9CA8-8478-44E7-9318-73A637BD2AA5}.YH_RELEASE|x64.ActiveCfg = Release|x64
		{524A9CA8-8478-44E7-9318-73A637BD2AA5}.YH_RELEASE|x64.Build.0 = Release|x64
		{524A9CA8-8478-44E7-9318-73A637BD2AA5}.YH_RELEASE|x86.ActiveCfg = Debug|Win32
		{524A9CA8-8478-44E7-9318-73A637BD2AA5}.YH_RELEASE|x86.Build.0 = Debug|Win32
		{00DD1113-33FA-44D8-847A-027EE8CBC5D6}.Debug|x64.ActiveCfg = Debug|x64
		{00DD1113-33FA-44D8-847A-027EE8CBC5D6}.Debug|x64.Build.0 = Debug|x64
		{00DD1113-33FA-44D8-847A-027EE8CBC5D6}.Debug|x86.ActiveCfg = Debug|Win32
		{00DD1113-33FA-44D8-847A-027EE8CBC5D6}.Debug|x86.Build.0 = Debug|Win32
		{00DD1113-33FA-44D8-847A-027EE8CBC5D6}.FBX_Mt|x64.ActiveCfg = FBX_Mt|x64
		{00DD1113-33FA-44D8-847A-027EE8CBC5D6}.FBX_Mt|x64.Build.0 = FBX_Mt|x64
		{00DD1113-33FA-44D8-847A-027EE8CBC5D6}.FBX_Mt|x86.ActiveCfg = FBX_Mt|Win32
		{00DD1113-33FA-44D8-847A-027EE8CBC5D6}.FBX_Mt|x86.Build.0 = FBX_Mt|Win32
		{00DD1113-33FA-44D8-847A-027EE8CBC5D6}.FBX_Mtd|x64.ActiveCfg = FBX_Mtd|x64
		{00DD1113-33FA-44D8-847A-027EE8CBC5D6}.FBX_Mtd|x64.Build.0 = FBX_Mtd|x64
		{00DD1113-33FA-44D8-847A-027EE8CBC5D6}.FBX_Mtd|x86.ActiveCfg = FBX_Mtd|Win32
		{00DD1113-33FA-44D8-847A-027EE8CBC5D6}.FBX_Mtd|x86.Build.0 = FBX_Mtd|Win32
		{00DD1113-33FA-44D8-847A-027EE8CBC5D6}.Mtd|x64.ActiveCfg = Mtd|Win32
		{00DD1113-33FA-44D8-847A-027EE8CBC5D6}.Mtd|x64.Build.0 = Mtd|Win32
		{00DD1113-33FA-44D8-847A-027EE8CBC5D6}.Mtd|x86.ActiveCfg = Mtd|Win32
		{00DD1113-33FA-44D8-847A-027EE8CBC5D6}.Mtd|x86.Build.0 = Mtd|Win32
		{00DD1113-33FA-44D8-847A-027EE8CBC5D6}.Release|x64.ActiveCfg = Release|x64
		{00DD1113-33FA-44D8-847A-027EE8CBC5D6}.Release|x64.Build.0 = Release|x64
		{00DD1113-33FA-44D8-847A-027EE8CBC5D6}.Release|x86.ActiveCfg = Release|Win32
		{00DD1113-33FA-44D8-847A-027EE8CBC5D6}.Release|x86.Build.0 = Release|Win32
		{00DD1113-33FA-44D8-847A-027EE8CBC5D6}.YH_DEBUG|x64.ActiveCfg = Release|x64
		{00DD1113-33FA-44D8-847A-027EE8CBC5D6}.YH_DEBUG|x64.Build.0 = Release|x64
		{00DD1113-33FA-44D8-847A-027EE8CBC5D6}.YH_DEBUG|x86.ActiveCfg = Debug|Win32
		{00DD1113-33FA-44D8-847A-027EE8CBC5D6}.YH_DEBUG|x86.Build.0 = Debug|Win32
		{00DD1113-33FA-44D8-847A-027EE8CBC5D6}.YH_RELEASE|x64.ActiveCfg = Release|x64
		{00DD1113-33FA-44D8-847A-027EE8CBC5D6}.YH_RELEASE|x64.Build.0 = Release|x64
		{00DD1113-33FA-44D8-847A-027EE8CBC5D6}.YH_RELEASE|x86.ActiveCfg = Debug|Win32
		{00DD1113-33FA-44D8-847A-027EE8CBC5D6}.YH_RELEASE|x86.Build.0 = Debug|Win32
		{27DCDC47-2637-44B1-836A-06CCF14DD2FD}.Debug|x64.ActiveCfg = Debug|x64
		{27DCDC47-2637-44B1-836A-06CCF14DD2FD}.Debug|x64.Build.0 = Debug|x64
		{27DCDC47-2637-44B1-836A-06CCF14DD2FD}.Debug|x86.ActiveCfg = Debug|Win32
		{27DCDC47-2637-44B1-836A-06CCF14DD2FD}.Debug|x86.Build.0 = Debug|Win32
		{27DCDC47-2637-44B1-836A-06CCF14DD2FD}.FBX_Mt|x64.ActiveCfg = Release|x64
		{27DCDC47-2637-44B1-836A-06CCF14DD2FD}.FBX_Mt|x64.Build.0 = Release|x64
		{27DCDC47-2637-44B1-836A-06CCF14DD2FD}.FBX_Mt|x86.ActiveCfg = Debug|Win32
		{27DCDC47-2637-44B1-836A-06CCF14DD2FD}.FBX_Mt|x86.Build.0 = Debug|Win32
		{27DCDC47-2637-44B1-836A-06CCF14DD2FD}.FBX_Mtd|x64.ActiveCfg = Release|x64
		{27DCDC47-2637-44B1-836A-06CCF14DD2FD}.FBX_Mtd|x64.Build.0 = Release|x64
		{27DCDC47-2637-44B1-836A-06CCF14DD2FD}.FBX_Mtd|x86.ActiveCfg = Debug|Win32
		{27DCDC47-2637-44B1-836A-06CCF14DD2FD}.FBX_Mtd|x86.Build.0 = Debug|Win32
		{27DCDC47-2637-44B1-836A-06CCF14DD2FD}.Mtd|x64.ActiveCfg = Release|x64
		{27DCDC47-2637-44B1-836A-06CCF14DD2FD}.Mtd|x64.Build.0 = Release|x64
		{27DCDC47-2637-44B1-836A-06CCF14DD2FD}.Mtd|x86.ActiveCfg = Debug|Win32
		{27DCDC47-2637-44B1-836A-06CCF14DD2FD}.Mtd|x86.Build.0 = Debug|Win32
		{27DCDC47-2637-44B1-836A-06CCF14DD2FD}.Release|x64.ActiveCfg = Release|x64
		{27DCDC47-2637-44B1-836A-06CCF14DD2FD}.Release|x64.Build.0 = Release|x64
		{27DCDC47-2637-44B1-836A-06CCF14DD2FD}.Release|x86.ActiveCfg = Release|Win32
		{27DCDC47-2637-44B1-836A-06CCF14DD2FD}.Release|x86.Build.0 = Release|Win32
		{27DCDC47-2637-44B1-836A-06CCF14DD2FD}.YH_DEBUG|x64.ActiveCfg = Release|x64
		{27DCDC47-2637-44B1-836A-06CCF14DD2FD}.YH_DEBUG|x64.Build.0 = Release|x64
		{27DCDC47-2637-44B1-836A-06CCF14DD2FD}.YH_DEBUG|x86.ActiveCfg = Debug|Win32
		{27DCDC47-2637-44B1-836A-06CCF14DD2FD}.YH_DEBUG|x86.Build.0 = Debug|Win32
		{27DCDC47-2637-44B1-836A-06CCF14DD2FD}.YH_RELEASE|x64.ActiveCfg = Release|x64
		{27DCDC47-2637-44B1-836A-06CCF14DD2FD}.YH_RELEASE|x64.Build.0 = Release|x64
		{27DCDC47-2637-44B1-836A-06CCF14DD2FD}.YH_RELEASE|x86.ActiveCfg = Debug|Win32
		{27DCDC47-2637-44B1-836A-06CCF14DD2FD}.YH_RELEASE|x86.Build.0 = Debug|Win32
		{26D6405A-AC06-4F74-BB18-8FFDD4BE4AE6}.Debug|x64.ActiveCfg = Debug|x64
		{26D6405A-AC06-4F74-BB18-8FFDD4BE4AE6}.Debug|x64.Build.0 = Debug|x64
		{26D6405A-AC06-4F74-BB18-8FFDD4BE4AE6}.Debug|x86.ActiveCfg = Debug|Win32
		{26D6405A-AC06-4F74-BB18-8FFDD4BE4AE6}.Debug|x86.Build.0 = Debug|Win32
		{26D6405A-AC06-4F74-BB18-8FFDD4BE4AE6}.FBX_Mt|x64.ActiveCfg = Release|x64
		{26D6405A-AC06-4F74-BB18-8FFDD4BE4AE6}.FBX_Mt|x64.Build.0 = Release|x64
		{26D6405A-AC06-4F74-BB18-8FFDD4BE4AE6}.FBX_Mt|x86.ActiveCfg = Debug|Win32
		{26D6405A-AC06-4F74-BB18-8FFDD4BE4AE6}.FBX_Mt|x86.Build.0 = Debug|Win32
		{26D6405A-AC06-4F74-BB18-8FFDD4BE4AE6}.FBX_Mtd|x64.ActiveCfg = Release|x64
		{26D6405A-AC06-4F74-BB18-8FFDD4BE4AE6}.FBX_Mtd|x64.Build.0 = Release|x64
		{26D6405A-AC06-4F74-BB18-8FFDD4BE4AE6}.FBX_Mtd|x86.ActiveCfg = Debug|Win32
		{26D6405A-AC06-4F74-BB18-8FFDD4BE4AE6}.FBX_Mtd|x86.Build.0 = Debug|Win32
		{26D6405A-AC06-4F74-BB18-8FFDD4BE4AE6}.Mtd|x64.ActiveCfg = Release|x64
		{26D6405A-AC06-4F74-BB18-8FFDD4BE4AE6}.Mtd|x64.Build.0 = Release|x64
		{26D6405A-AC06-4F74-BB18-8FFDD4BE4AE6}.Mtd|x86.ActiveCfg = Debug|Win32
		{26D6405A-AC06-4F74-BB18-8FFDD4BE4AE6}.Mtd|x86.Build.0 = Debug|Win32
		{26D6405A-AC06-4F74-BB18-8FFDD4BE4AE6}.Release|x64.ActiveCfg = Release|x64
		{26D6405A-AC06-4F74-BB18-8FFDD4BE4AE6}.Release|x64.Build.0 = Release|x64
		{26D6405A-AC06-4F74-BB18-8FFDD4BE4AE6}.Release|x86.ActiveCfg = Release|Win32
		{26D6405A-AC06-4F74-BB18-8FFDD4BE4AE6}.Release|x86.Build.0 = Release|Win32
		{26D6405A-AC06-4F74-BB18-8FFDD4BE4AE6}.YH_DEBUG|x64.ActiveCfg = Release|x64
		{26D6405A-AC06-4F74-BB18-8FFDD4BE4AE6}.YH_DEBUG|x64.Build.0 = Release|x64
		{26D6405A-AC06-4F74-BB18-8FFDD4BE4AE6}.YH_DEBUG|x86.ActiveCfg = Debug|Win32
		{26D6405A-AC06-4F74-BB18-8FFDD4BE4AE6}.YH_DEBUG|x86.Build.0 = Debug|Win32
		{26D6405A-AC06-4F74-BB18-8FFDD4BE4AE6}.YH_RELEASE|x64.ActiveCfg = Release|x64
		{26D6405A-AC06-4F74-BB18-8FFDD4BE4AE6}.YH_RELEASE|x64.Build.0 = Release|x64
		{26D6405A-AC06-4F74-BB18-8FFDD4BE4AE6}.YH_RELEASE|x86.ActiveCfg = Debug|Win32
		{26D6405A-AC06-4F74-BB18-8FFDD4BE4AE6}.YH_RELEASE|x86.Build.0 = Debug|Win32
		{47AF42E8-E0AA-46A6-A30F-43A4FBFBADE8}.Debug|x64.ActiveCfg = Debug|x64
		{47AF42E8-E0AA-46A6-A30F-43A4FBFBADE8}.Debug|x64.Build.0 = Debug|x64
		{47AF42E8-E0AA-46A6-A30F-43A4FBFBADE8}.Debug|x86.ActiveCfg = Debug|Win32
		{47AF42E8-E0AA-46A6-A30F-43A4FBFBADE8}.Debug|x86.Build.0 = Debug|Win32
		{47AF42E8-E0AA-46A6-A30F-43A4FBFBADE8}.FBX_Mt|x64.ActiveCfg = Release|x64
		{47AF42E8-E0AA-46A6-A30F-43A4FBFBADE8}.FBX_Mt|x64.Build.0 = Release|x64
		{47AF42E8-E0AA-46A6-A30F-43A4FBFBADE8}.FBX_Mt|x86.ActiveCfg = Debug|Win32
		{47AF42E8-E0AA-46A6-A30F-43A4FBFBADE8}.FBX_Mt|x86.Build.0 = Debug|Win32
		{47AF42E8-E0AA-46A6-A30F-43A4FBFBADE8}.FBX_Mtd|x64.ActiveCfg = Release|x64
		{47AF42E8-E0AA-46A6-A30F-43A4FBFBADE8}.FBX_Mtd|x64.Build.0 = Release|x64
		{47AF42E8-E0AA-46A6-A30F-43A4FBFBADE8}.FBX_Mtd|x86.ActiveCfg = Debug|Win32
		{47AF42E8-E0AA-46A6-A30F-43A4FBFBADE8}.FBX_Mtd|x86.Build.0 = Debug|Win32
		{47AF42E8-E0AA-46A6-A30F-43A4FBFBADE8}.Mtd|x64.ActiveCfg = Release|x64
		{47AF42E8-E0AA-46A6-A30F-43A4FBFBADE8}.Mtd|x64.Build.0 = Release|x64
		{47AF42E8-E0AA-46A6-A30F-43A4FBFBADE8}.Mtd|x86.ActiveCfg = Debug|Win32
		{47AF42E8-E0AA-46A6-A30F-43A4FBFBADE8}.Mtd|x86.Build.0 = Debug|Win32
		{47AF42E8-E0AA-46A6-A30F-43A4FBFBADE8}.Release|x64.ActiveCfg = Release|x64
		{47AF42E8-E0AA-46A6-A30F-43A4FBFBADE8}.Release|x64.Build.0 = Release|x64
		{47AF42E8-E0AA-46A6-A30F-43A4FBFBADE8}.Release|x86.ActiveCfg = Release|Win32
		{47AF42E8-E0AA-46A6-A30F-43A4FBFBADE8}.Release|x86.Build.0 = Release|Win32
		{47AF42E8-E0AA-46A6-A30F-43A4FBFBADE8}.YH_DEBUG|x64.ActiveCfg = Release|x64
		{47AF42E8-E0AA-46A6-A30F-43A4FBFBADE8}.YH_DEBUG|x64.Build.0 = Release|x64
		{47AF42E8-E0AA-46A6-A30F-43A4FBFBADE8}.YH_DEBUG|x86.ActiveCfg = Debug|Win32
		{47AF42E8-E0AA-46A6-A30F-43A4FBFBADE8}.YH_DEBUG|x86.Build.0 = Debug|Win32
		{47AF42E8-E0AA-46A6-A30F-43A4FBFBADE8}.YH_RELEASE|x64.ActiveCfg = Release|x64
		{47AF42E8-E0AA-46A6-A30F-43A4FBFBADE8}.YH_RELEASE|x64.Build.0 = Release|x64
		{47AF42E8-E0AA-46A6-A30F-43A4FBFBADE8}.YH_RELEASE|x86.ActiveCfg = Debug|Win32
		{47AF42E8-E0AA-46A6-A30F-43A4FBFBADE8}.YH_RELEASE|x86.Build.0 = Debug|Win32
	EndGlobalSection
	GlobalSection(SolutionProperties) = preSolution
		HideSolutionNode = FALSE
	EndGlobalSection
	GlobalSection(ExtensibilityGlobals) = postSolution
		SolutionGuid = {346BC66F-585F-47C8-965B-0A849B7C47C7}
	EndGlobalSection
EndGlobal
