
Microsoft Visual Studio Solution File, Format Version 12.00
# Visual Studio Version 17
VisualStudioVersion = 17.7.34031.279
MinimumVisualStudioVersion = 10.0.40219.1
Project("{8BC9CEB8-8B4A-11D0-8D11-00A0C91BC942}") = "PurahEngine", "PurahEngine\PurahEngine.vcxproj", "{E019C6BD-4430-4A5F-A34F-6A7EB07DAA07}"
	ProjectSection(ProjectDependencies) = postProject
		{26D6405A-AC06-4F74-BB18-8FFDD4BE4AE6} = {26D6405A-AC06-4F74-BB18-8FFDD4BE4AE6}
		{27DCDC47-2637-44B1-836A-06CCF14DD2FD} = {27DCDC47-2637-44B1-836A-06CCF14DD2FD}
		{47AF42E8-E0AA-46A6-A30F-43A4FBFBADE8} = {47AF42E8-E0AA-46A6-A30F-43A4FBFBADE8}
		{80ADD0B6-E8BE-4E79-B9EE-C628BBE3243D} = {80ADD0B6-E8BE-4E79-B9EE-C628BBE3243D}
		{95645C1E-C693-42C4-8D1B-281AB31B6A14} = {95645C1E-C693-42C4-8D1B-281AB31B6A14}
		{B6A14AD2-1DAD-4144-9C53-2D8664F0A03F} = {B6A14AD2-1DAD-4144-9C53-2D8664F0A03F}
		{DB16270B-142F-4510-B13D-E7DA98F942D3} = {DB16270B-142F-4510-B13D-E7DA98F942D3}
	EndProjectSection
EndProject
Project("{8BC9CEB8-8B4A-11D0-8D11-00A0C91BC942}") = "ZonaiMath", "ZonaiMath\ZonaiMath.vcxproj", "{B6A14AD2-1DAD-4144-9C53-2D8664F0A03F}"
EndProject
Project("{8BC9CEB8-8B4A-11D0-8D11-00A0C91BC942}") = "ZonaiSounds", "ZonaiSounds\ZonaiSounds.vcxproj", "{DB16270B-142F-4510-B13D-E7DA98F942D3}"
EndProject
Project("{8BC9CEB8-8B4A-11D0-8D11-00A0C91BC942}") = "ZonaiUtility", "ZonaiUtility\ZonaiUtility.vcxproj", "{95645C1E-C693-42C4-8D1B-281AB31B6A14}"
EndProject
Project("{8BC9CEB8-8B4A-11D0-8D11-00A0C91BC942}") = "ZeldaClient", "ZeldaClient\ZeldaClient.vcxproj", "{524A9CA8-8478-44E7-9318-73A637BD2AA5}"
	ProjectSection(ProjectDependencies) = postProject
		{E019C6BD-4430-4A5F-A34F-6A7EB07DAA07} = {E019C6BD-4430-4A5F-A34F-6A7EB07DAA07}
	EndProjectSection
EndProject
Project("{2150E333-8FDC-42A3-9474-1A3956D46DE8}") = "솔루션 항목", "솔루션 항목", "{EFC4435C-4319-443F-BDA7-415D45DB01E8}"
EndProject
Project("{8BC9CEB8-8B4A-11D0-8D11-00A0C91BC942}") = "ZeldaGraphics", "ZeldaGraphics\ZeldaGraphics.vcxproj", "{27DCDC47-2637-44B1-836A-06CCF14DD2FD}"
EndProject
Project("{8BC9CEB8-8B4A-11D0-8D11-00A0C91BC942}") = "GraphicsTest", "GraphicsTest\GraphicsTest.vcxproj", "{EAF21DD6-67B1-4F6E-8098-B1A5FE6622A7}"
	ProjectSection(ProjectDependencies) = postProject
		{27DCDC47-2637-44B1-836A-06CCF14DD2FD} = {27DCDC47-2637-44B1-836A-06CCF14DD2FD}
	EndProjectSection
EndProject
Project("{8BC9CEB8-8B4A-11D0-8D11-00A0C91BC942}") = "ZeldaGraphicsAdapter", "Floater\ZeldaGraphicsAdapter\ZeldaGraphicsAdapter.vcxproj", "{80ADD0B6-E8BE-4E79-B9EE-C628BBE3243D}"
EndProject
Project("{2150E333-8FDC-42A3-9474-1A3956D46DE8}") = "YHRenderer", "YHRenderer", "{3F7AE59D-CEFF-43E4-8BE2-1A8F68ADD43D}"
EndProject
Project("{8BC9CEB8-8B4A-11D0-8D11-00A0C91BC942}") = "FloaterMath", "Floater\FloaterMath\FloaterMath.vcxproj", "{0BB76C52-C35F-4A26-88E7-04920C2B5DBE}"
EndProject
Project("{8BC9CEB8-8B4A-11D0-8D11-00A0C91BC942}") = "FloaterPlatform", "Floater\FloaterPlatform\FloaterPlatform.vcxproj", "{71B12DEC-4DF4-401F-A453-6216EF08C579}"
EndProject
Project("{8BC9CEB8-8B4A-11D0-8D11-00A0C91BC942}") = "FloaterRendererCommon", "Floater\FloaterRendererCommon\FloaterRendererCommon.vcxproj", "{4C5CA68F-1387-44E2-84E2-6D07D893D21C}"
EndProject
Project("{8BC9CEB8-8B4A-11D0-8D11-00A0C91BC942}") = "FloaterRendererDX11", "Floater\FloaterRendererDX11\FloaterRendererDX11.vcxproj", "{5501099A-FCCA-4350-8307-8499CE179EAC}"
EndProject
Project("{8BC9CEB8-8B4A-11D0-8D11-00A0C91BC942}") = "FloaterUtil", "Floater\FloaterUtil\FloaterUtil.vcxproj", "{CB145F87-3FE0-445E-BB70-582B466CBE74}"
EndProject
Project("{8BC9CEB8-8B4A-11D0-8D11-00A0C91BC942}") = "ZonaiPhysicsX", "ZonaiPhysicsX\ZonaiPhysicsX.vcxproj", "{47AF42E8-E0AA-46A6-A30F-43A4FBFBADE8}"
EndProject
Project("{8BC9CEB8-8B4A-11D0-8D11-00A0C91BC942}") = "ZonaiPhysicsBase", "ZonaiPhysicsBase\ZonaiPhysicsBase.vcxproj", "{26D6405A-AC06-4F74-BB18-8FFDD4BE4AE6}"
EndProject
Global
	GlobalSection(SolutionConfigurationPlatforms) = preSolution
		Debug|x64 = Debug|x64
		Debug|x86 = Debug|x86
		Release|x64 = Release|x64
		Release|x86 = Release|x86
		YH_DEBUG|x64 = YH_DEBUG|x64
		YH_DEBUG|x86 = YH_DEBUG|x86
		YH_RELEASE|x64 = YH_RELEASE|x64
		YH_RELEASE|x86 = YH_RELEASE|x86
	EndGlobalSection
	GlobalSection(ProjectConfigurationPlatforms) = postSolution
		{E019C6BD-4430-4A5F-A34F-6A7EB07DAA07}.Debug|x64.ActiveCfg = Debug|x64
		{E019C6BD-4430-4A5F-A34F-6A7EB07DAA07}.Debug|x64.Build.0 = Debug|x64
		{E019C6BD-4430-4A5F-A34F-6A7EB07DAA07}.Debug|x86.ActiveCfg = Debug|Win32
		{E019C6BD-4430-4A5F-A34F-6A7EB07DAA07}.Debug|x86.Build.0 = Debug|Win32
		{E019C6BD-4430-4A5F-A34F-6A7EB07DAA07}.Release|x64.ActiveCfg = Release|x64
		{E019C6BD-4430-4A5F-A34F-6A7EB07DAA07}.Release|x64.Build.0 = Release|x64
		{E019C6BD-4430-4A5F-A34F-6A7EB07DAA07}.Release|x86.ActiveCfg = Release|Win32
		{E019C6BD-4430-4A5F-A34F-6A7EB07DAA07}.Release|x86.Build.0 = Release|Win32
		{E019C6BD-4430-4A5F-A34F-6A7EB07DAA07}.YH_DEBUG|x64.ActiveCfg = YH_DEBUG|x64
		{E019C6BD-4430-4A5F-A34F-6A7EB07DAA07}.YH_DEBUG|x64.Build.0 = YH_DEBUG|x64
		{E019C6BD-4430-4A5F-A34F-6A7EB07DAA07}.YH_DEBUG|x86.ActiveCfg = YH_DEBUG|Win32
		{E019C6BD-4430-4A5F-A34F-6A7EB07DAA07}.YH_DEBUG|x86.Build.0 = YH_DEBUG|Win32
		{E019C6BD-4430-4A5F-A34F-6A7EB07DAA07}.YH_RELEASE|x64.ActiveCfg = YH_RELEASE|x64
		{E019C6BD-4430-4A5F-A34F-6A7EB07DAA07}.YH_RELEASE|x64.Build.0 = YH_RELEASE|x64
		{E019C6BD-4430-4A5F-A34F-6A7EB07DAA07}.YH_RELEASE|x86.ActiveCfg = YH_RELEASE|Win32
		{E019C6BD-4430-4A5F-A34F-6A7EB07DAA07}.YH_RELEASE|x86.Build.0 = YH_RELEASE|Win32
		{B6A14AD2-1DAD-4144-9C53-2D8664F0A03F}.Debug|x64.ActiveCfg = Debug|x64
		{B6A14AD2-1DAD-4144-9C53-2D8664F0A03F}.Debug|x64.Build.0 = Debug|x64
		{B6A14AD2-1DAD-4144-9C53-2D8664F0A03F}.Debug|x86.ActiveCfg = Debug|Win32
		{B6A14AD2-1DAD-4144-9C53-2D8664F0A03F}.Debug|x86.Build.0 = Debug|Win32
		{B6A14AD2-1DAD-4144-9C53-2D8664F0A03F}.Release|x64.ActiveCfg = Release|x64
		{B6A14AD2-1DAD-4144-9C53-2D8664F0A03F}.Release|x64.Build.0 = Release|x64
		{B6A14AD2-1DAD-4144-9C53-2D8664F0A03F}.Release|x86.ActiveCfg = Release|Win32
		{B6A14AD2-1DAD-4144-9C53-2D8664F0A03F}.Release|x86.Build.0 = Release|Win32
		{B6A14AD2-1DAD-4144-9C53-2D8664F0A03F}.YH_DEBUG|x64.ActiveCfg = Debug|x64
		{B6A14AD2-1DAD-4144-9C53-2D8664F0A03F}.YH_DEBUG|x64.Build.0 = Debug|x64
		{B6A14AD2-1DAD-4144-9C53-2D8664F0A03F}.YH_DEBUG|x86.ActiveCfg = Release|Win32
		{B6A14AD2-1DAD-4144-9C53-2D8664F0A03F}.YH_RELEASE|x64.ActiveCfg = Release|x64
		{B6A14AD2-1DAD-4144-9C53-2D8664F0A03F}.YH_RELEASE|x64.Build.0 = Release|x64
		{B6A14AD2-1DAD-4144-9C53-2D8664F0A03F}.YH_RELEASE|x86.ActiveCfg = Release|Win32
		{DB16270B-142F-4510-B13D-E7DA98F942D3}.Debug|x64.ActiveCfg = Debug|x64
		{DB16270B-142F-4510-B13D-E7DA98F942D3}.Debug|x64.Build.0 = Debug|x64
		{DB16270B-142F-4510-B13D-E7DA98F942D3}.Debug|x86.ActiveCfg = Debug|Win32
		{DB16270B-142F-4510-B13D-E7DA98F942D3}.Debug|x86.Build.0 = Debug|Win32
		{DB16270B-142F-4510-B13D-E7DA98F942D3}.Release|x64.ActiveCfg = Release|x64
		{DB16270B-142F-4510-B13D-E7DA98F942D3}.Release|x64.Build.0 = Release|x64
		{DB16270B-142F-4510-B13D-E7DA98F942D3}.Release|x86.ActiveCfg = Release|Win32
		{DB16270B-142F-4510-B13D-E7DA98F942D3}.Release|x86.Build.0 = Release|Win32
		{DB16270B-142F-4510-B13D-E7DA98F942D3}.YH_DEBUG|x64.ActiveCfg = Debug|x64
		{DB16270B-142F-4510-B13D-E7DA98F942D3}.YH_DEBUG|x64.Build.0 = Debug|x64
		{DB16270B-142F-4510-B13D-E7DA98F942D3}.YH_DEBUG|x86.ActiveCfg = Release|Win32
		{DB16270B-142F-4510-B13D-E7DA98F942D3}.YH_RELEASE|x64.ActiveCfg = Release|x64
		{DB16270B-142F-4510-B13D-E7DA98F942D3}.YH_RELEASE|x64.Build.0 = Release|x64
		{DB16270B-142F-4510-B13D-E7DA98F942D3}.YH_RELEASE|x86.ActiveCfg = Release|Win32
		{95645C1E-C693-42C4-8D1B-281AB31B6A14}.Debug|x64.ActiveCfg = Debug|x64
		{95645C1E-C693-42C4-8D1B-281AB31B6A14}.Debug|x64.Build.0 = Debug|x64
		{95645C1E-C693-42C4-8D1B-281AB31B6A14}.Debug|x86.ActiveCfg = Debug|Win32
		{95645C1E-C693-42C4-8D1B-281AB31B6A14}.Debug|x86.Build.0 = Debug|Win32
		{95645C1E-C693-42C4-8D1B-281AB31B6A14}.Release|x64.ActiveCfg = Release|x64
		{95645C1E-C693-42C4-8D1B-281AB31B6A14}.Release|x64.Build.0 = Release|x64
		{95645C1E-C693-42C4-8D1B-281AB31B6A14}.Release|x86.ActiveCfg = Release|Win32
		{95645C1E-C693-42C4-8D1B-281AB31B6A14}.Release|x86.Build.0 = Release|Win32
		{95645C1E-C693-42C4-8D1B-281AB31B6A14}.YH_DEBUG|x64.ActiveCfg = Debug|x64
		{95645C1E-C693-42C4-8D1B-281AB31B6A14}.YH_DEBUG|x64.Build.0 = Debug|x64
		{95645C1E-C693-42C4-8D1B-281AB31B6A14}.YH_DEBUG|x86.ActiveCfg = Release|Win32
		{95645C1E-C693-42C4-8D1B-281AB31B6A14}.YH_RELEASE|x64.ActiveCfg = Release|x64
		{95645C1E-C693-42C4-8D1B-281AB31B6A14}.YH_RELEASE|x64.Build.0 = Release|x64
		{95645C1E-C693-42C4-8D1B-281AB31B6A14}.YH_RELEASE|x86.ActiveCfg = Release|Win32
		{524A9CA8-8478-44E7-9318-73A637BD2AA5}.Debug|x64.ActiveCfg = Debug|x64
		{524A9CA8-8478-44E7-9318-73A637BD2AA5}.Debug|x64.Build.0 = Debug|x64
		{524A9CA8-8478-44E7-9318-73A637BD2AA5}.Debug|x86.ActiveCfg = Debug|Win32
		{524A9CA8-8478-44E7-9318-73A637BD2AA5}.Debug|x86.Build.0 = Debug|Win32
		{524A9CA8-8478-44E7-9318-73A637BD2AA5}.Release|x64.ActiveCfg = Release|x64
		{524A9CA8-8478-44E7-9318-73A637BD2AA5}.Release|x64.Build.0 = Release|x64
		{524A9CA8-8478-44E7-9318-73A637BD2AA5}.Release|x86.ActiveCfg = Release|Win32
		{524A9CA8-8478-44E7-9318-73A637BD2AA5}.Release|x86.Build.0 = Release|Win32
		{524A9CA8-8478-44E7-9318-73A637BD2AA5}.YH_DEBUG|x64.ActiveCfg = Debug|x64
		{524A9CA8-8478-44E7-9318-73A637BD2AA5}.YH_DEBUG|x64.Build.0 = Debug|x64
		{524A9CA8-8478-44E7-9318-73A637BD2AA5}.YH_DEBUG|x86.ActiveCfg = Release|Win32
		{524A9CA8-8478-44E7-9318-73A637BD2AA5}.YH_RELEASE|x64.ActiveCfg = Release|x64
		{524A9CA8-8478-44E7-9318-73A637BD2AA5}.YH_RELEASE|x64.Build.0 = Release|x64
		{524A9CA8-8478-44E7-9318-73A637BD2AA5}.YH_RELEASE|x86.ActiveCfg = Release|Win32
		{27DCDC47-2637-44B1-836A-06CCF14DD2FD}.Debug|x64.ActiveCfg = Debug|x64
		{27DCDC47-2637-44B1-836A-06CCF14DD2FD}.Debug|x64.Build.0 = Debug|x64
		{27DCDC47-2637-44B1-836A-06CCF14DD2FD}.Debug|x86.ActiveCfg = Debug|Win32
		{27DCDC47-2637-44B1-836A-06CCF14DD2FD}.Debug|x86.Build.0 = Debug|Win32
		{27DCDC47-2637-44B1-836A-06CCF14DD2FD}.Release|x64.ActiveCfg = Release|x64
		{27DCDC47-2637-44B1-836A-06CCF14DD2FD}.Release|x64.Build.0 = Release|x64
		{27DCDC47-2637-44B1-836A-06CCF14DD2FD}.Release|x86.ActiveCfg = Release|Win32
		{27DCDC47-2637-44B1-836A-06CCF14DD2FD}.Release|x86.Build.0 = Release|Win32
		{27DCDC47-2637-44B1-836A-06CCF14DD2FD}.YH_DEBUG|x64.ActiveCfg = Debug|x64
		{27DCDC47-2637-44B1-836A-06CCF14DD2FD}.YH_DEBUG|x86.ActiveCfg = Release|Win32
		{27DCDC47-2637-44B1-836A-06CCF14DD2FD}.YH_RELEASE|x64.ActiveCfg = Release|x64
		{27DCDC47-2637-44B1-836A-06CCF14DD2FD}.YH_RELEASE|x86.ActiveCfg = Release|Win32
		{EAF21DD6-67B1-4F6E-8098-B1A5FE6622A7}.Debug|x64.ActiveCfg = Debug|x64
		{EAF21DD6-67B1-4F6E-8098-B1A5FE6622A7}.Debug|x64.Build.0 = Debug|x64
		{EAF21DD6-67B1-4F6E-8098-B1A5FE6622A7}.Debug|x86.ActiveCfg = Debug|Win32
		{EAF21DD6-67B1-4F6E-8098-B1A5FE6622A7}.Debug|x86.Build.0 = Debug|Win32
		{EAF21DD6-67B1-4F6E-8098-B1A5FE6622A7}.Release|x64.ActiveCfg = Release|x64
		{EAF21DD6-67B1-4F6E-8098-B1A5FE6622A7}.Release|x64.Build.0 = Release|x64
		{EAF21DD6-67B1-4F6E-8098-B1A5FE6622A7}.Release|x86.ActiveCfg = Release|Win32
		{EAF21DD6-67B1-4F6E-8098-B1A5FE6622A7}.Release|x86.Build.0 = Release|Win32
		{EAF21DD6-67B1-4F6E-8098-B1A5FE6622A7}.YH_DEBUG|x64.ActiveCfg = Debug|x64
		{EAF21DD6-67B1-4F6E-8098-B1A5FE6622A7}.YH_DEBUG|x86.ActiveCfg = Release|Win32
		{EAF21DD6-67B1-4F6E-8098-B1A5FE6622A7}.YH_RELEASE|x64.ActiveCfg = Release|x64
		{EAF21DD6-67B1-4F6E-8098-B1A5FE6622A7}.YH_RELEASE|x86.ActiveCfg = Release|Win32
		{80ADD0B6-E8BE-4E79-B9EE-C628BBE3243D}.Debug|x64.ActiveCfg = Debug|x64
		{80ADD0B6-E8BE-4E79-B9EE-C628BBE3243D}.Debug|x86.ActiveCfg = Debug|Win32
		{80ADD0B6-E8BE-4E79-B9EE-C628BBE3243D}.Debug|x86.Build.0 = Debug|Win32
		{80ADD0B6-E8BE-4E79-B9EE-C628BBE3243D}.Release|x64.ActiveCfg = Release|x64
		{80ADD0B6-E8BE-4E79-B9EE-C628BBE3243D}.Release|x86.ActiveCfg = Release|Win32
		{80ADD0B6-E8BE-4E79-B9EE-C628BBE3243D}.Release|x86.Build.0 = Release|Win32
		{80ADD0B6-E8BE-4E79-B9EE-C628BBE3243D}.YH_DEBUG|x64.ActiveCfg = Debug|x64
		{80ADD0B6-E8BE-4E79-B9EE-C628BBE3243D}.YH_DEBUG|x64.Build.0 = Debug|x64
		{80ADD0B6-E8BE-4E79-B9EE-C628BBE3243D}.YH_DEBUG|x86.ActiveCfg = Debug|Win32
		{80ADD0B6-E8BE-4E79-B9EE-C628BBE3243D}.YH_RELEASE|x64.ActiveCfg = Release|x64
		{80ADD0B6-E8BE-4E79-B9EE-C628BBE3243D}.YH_RELEASE|x64.Build.0 = Release|x64
		{80ADD0B6-E8BE-4E79-B9EE-C628BBE3243D}.YH_RELEASE|x86.ActiveCfg = Debug|Win32
		{0BB76C52-C35F-4A26-88E7-04920C2B5DBE}.Debug|x64.ActiveCfg = Debug|x64
		{0BB76C52-C35F-4A26-88E7-04920C2B5DBE}.Debug|x86.ActiveCfg = Debug|Win32
		{0BB76C52-C35F-4A26-88E7-04920C2B5DBE}.Debug|x86.Build.0 = Debug|Win32
		{0BB76C52-C35F-4A26-88E7-04920C2B5DBE}.Release|x64.ActiveCfg = Release|x64
		{0BB76C52-C35F-4A26-88E7-04920C2B5DBE}.Release|x86.ActiveCfg = Release|Win32
		{0BB76C52-C35F-4A26-88E7-04920C2B5DBE}.Release|x86.Build.0 = Release|Win32
		{0BB76C52-C35F-4A26-88E7-04920C2B5DBE}.YH_DEBUG|x64.ActiveCfg = Debug|x64
		{0BB76C52-C35F-4A26-88E7-04920C2B5DBE}.YH_DEBUG|x64.Build.0 = Debug|x64
		{0BB76C52-C35F-4A26-88E7-04920C2B5DBE}.YH_DEBUG|x86.ActiveCfg = Debug|Win32
		{0BB76C52-C35F-4A26-88E7-04920C2B5DBE}.YH_RELEASE|x64.ActiveCfg = Release|x64
		{0BB76C52-C35F-4A26-88E7-04920C2B5DBE}.YH_RELEASE|x64.Build.0 = Release|x64
		{0BB76C52-C35F-4A26-88E7-04920C2B5DBE}.YH_RELEASE|x86.ActiveCfg = Debug|Win32
		{71B12DEC-4DF4-401F-A453-6216EF08C579}.Debug|x64.ActiveCfg = Debug|x64
		{71B12DEC-4DF4-401F-A453-6216EF08C579}.Debug|x86.ActiveCfg = Debug|Win32
		{71B12DEC-4DF4-401F-A453-6216EF08C579}.Debug|x86.Build.0 = Debug|Win32
		{71B12DEC-4DF4-401F-A453-6216EF08C579}.Release|x64.ActiveCfg = Release|x64
		{71B12DEC-4DF4-401F-A453-6216EF08C579}.Release|x86.ActiveCfg = Release|Win32
		{71B12DEC-4DF4-401F-A453-6216EF08C579}.Release|x86.Build.0 = Release|Win32
		{71B12DEC-4DF4-401F-A453-6216EF08C579}.YH_DEBUG|x64.ActiveCfg = Debug|x64
		{71B12DEC-4DF4-401F-A453-6216EF08C579}.YH_DEBUG|x64.Build.0 = Debug|x64
		{71B12DEC-4DF4-401F-A453-6216EF08C579}.YH_DEBUG|x86.ActiveCfg = Debug|Win32
		{71B12DEC-4DF4-401F-A453-6216EF08C579}.YH_RELEASE|x64.ActiveCfg = Release|x64
		{71B12DEC-4DF4-401F-A453-6216EF08C579}.YH_RELEASE|x64.Build.0 = Release|x64
		{71B12DEC-4DF4-401F-A453-6216EF08C579}.YH_RELEASE|x86.ActiveCfg = Debug|Win32
		{4C5CA68F-1387-44E2-84E2-6D07D893D21C}.Debug|x64.ActiveCfg = Debug|x64
		{4C5CA68F-1387-44E2-84E2-6D07D893D21C}.Debug|x86.ActiveCfg = Debug|Win32
		{4C5CA68F-1387-44E2-84E2-6D07D893D21C}.Debug|x86.Build.0 = Debug|Win32
		{4C5CA68F-1387-44E2-84E2-6D07D893D21C}.Release|x64.ActiveCfg = Release|x64
		{4C5CA68F-1387-44E2-84E2-6D07D893D21C}.Release|x86.ActiveCfg = Release|Win32
		{4C5CA68F-1387-44E2-84E2-6D07D893D21C}.Release|x86.Build.0 = Release|Win32
		{4C5CA68F-1387-44E2-84E2-6D07D893D21C}.YH_DEBUG|x64.ActiveCfg = Debug|x64
		{4C5CA68F-1387-44E2-84E2-6D07D893D21C}.YH_DEBUG|x64.Build.0 = Debug|x64
		{4C5CA68F-1387-44E2-84E2-6D07D893D21C}.YH_DEBUG|x86.ActiveCfg = Debug|Win32
		{4C5CA68F-1387-44E2-84E2-6D07D893D21C}.YH_RELEASE|x64.ActiveCfg = Release|x64
		{4C5CA68F-1387-44E2-84E2-6D07D893D21C}.YH_RELEASE|x64.Build.0 = Release|x64
		{4C5CA68F-1387-44E2-84E2-6D07D893D21C}.YH_RELEASE|x86.ActiveCfg = Debug|Win32
		{5501099A-FCCA-4350-8307-8499CE179EAC}.Debug|x64.ActiveCfg = Debug|x64
		{5501099A-FCCA-4350-8307-8499CE179EAC}.Debug|x86.ActiveCfg = Debug|Win32
		{5501099A-FCCA-4350-8307-8499CE179EAC}.Debug|x86.Build.0 = Debug|Win32
		{5501099A-FCCA-4350-8307-8499CE179EAC}.Release|x64.ActiveCfg = Release|x64
		{5501099A-FCCA-4350-8307-8499CE179EAC}.Release|x86.ActiveCfg = Release|Win32
		{5501099A-FCCA-4350-8307-8499CE179EAC}.Release|x86.Build.0 = Release|Win32
		{5501099A-FCCA-4350-8307-8499CE179EAC}.YH_DEBUG|x64.ActiveCfg = Debug|x64
		{5501099A-FCCA-4350-8307-8499CE179EAC}.YH_DEBUG|x64.Build.0 = Debug|x64
		{5501099A-FCCA-4350-8307-8499CE179EAC}.YH_DEBUG|x86.ActiveCfg = Debug|Win32
		{5501099A-FCCA-4350-8307-8499CE179EAC}.YH_RELEASE|x64.ActiveCfg = Release|x64
		{5501099A-FCCA-4350-8307-8499CE179EAC}.YH_RELEASE|x64.Build.0 = Release|x64
		{5501099A-FCCA-4350-8307-8499CE179EAC}.YH_RELEASE|x86.ActiveCfg = Debug|Win32
		{CB145F87-3FE0-445E-BB70-582B466CBE74}.Debug|x64.ActiveCfg = Debug|x64
		{CB145F87-3FE0-445E-BB70-582B466CBE74}.Debug|x86.ActiveCfg = Debug|Win32
		{CB145F87-3FE0-445E-BB70-582B466CBE74}.Debug|x86.Build.0 = Debug|Win32
		{CB145F87-3FE0-445E-BB70-582B466CBE74}.Release|x64.ActiveCfg = Release|x64
		{CB145F87-3FE0-445E-BB70-582B466CBE74}.Release|x86.ActiveCfg = Release|Win32
		{CB145F87-3FE0-445E-BB70-582B466CBE74}.Release|x86.Build.0 = Release|Win32
		{CB145F87-3FE0-445E-BB70-582B466CBE74}.YH_DEBUG|x64.ActiveCfg = Debug|x64
		{CB145F87-3FE0-445E-BB70-582B466CBE74}.YH_DEBUG|x64.Build.0 = Debug|x64
		{CB145F87-3FE0-445E-BB70-582B466CBE74}.YH_DEBUG|x86.ActiveCfg = Debug|Win32
		{CB145F87-3FE0-445E-BB70-582B466CBE74}.YH_RELEASE|x64.ActiveCfg = Release|x64
		{CB145F87-3FE0-445E-BB70-582B466CBE74}.YH_RELEASE|x64.Build.0 = Release|x64
		{CB145F87-3FE0-445E-BB70-582B466CBE74}.YH_RELEASE|x86.ActiveCfg = Debug|Win32
		{47AF42E8-E0AA-46A6-A30F-43A4FBFBADE8}.Debug|x64.ActiveCfg = Debug|x64
		{47AF42E8-E0AA-46A6-A30F-43A4FBFBADE8}.Debug|x64.Build.0 = Debug|x64
		{47AF42E8-E0AA-46A6-A30F-43A4FBFBADE8}.Debug|x86.ActiveCfg = Debug|Win32
		{47AF42E8-E0AA-46A6-A30F-43A4FBFBADE8}.Debug|x86.Build.0 = Debug|Win32
		{47AF42E8-E0AA-46A6-A30F-43A4FBFBADE8}.Release|x64.ActiveCfg = Release|x64
		{47AF42E8-E0AA-46A6-A30F-43A4FBFBADE8}.Release|x64.Build.0 = Release|x64
		{47AF42E8-E0AA-46A6-A30F-43A4FBFBADE8}.Release|x86.ActiveCfg = Release|Win32
		{47AF42E8-E0AA-46A6-A30F-43A4FBFBADE8}.Release|x86.Build.0 = Release|Win32
		{47AF42E8-E0AA-46A6-A30F-43A4FBFBADE8}.YH_DEBUG|x64.ActiveCfg = Debug|x64
		{47AF42E8-E0AA-46A6-A30F-43A4FBFBADE8}.YH_DEBUG|x64.Build.0 = Debug|x64
		{47AF42E8-E0AA-46A6-A30F-43A4FBFBADE8}.YH_DEBUG|x86.ActiveCfg = Debug|Win32
		{47AF42E8-E0AA-46A6-A30F-43A4FBFBADE8}.YH_DEBUG|x86.Build.0 = Debug|Win32
		{47AF42E8-E0AA-46A6-A30F-43A4FBFBADE8}.YH_RELEASE|x64.ActiveCfg = Debug|x64
		{47AF42E8-E0AA-46A6-A30F-43A4FBFBADE8}.YH_RELEASE|x64.Build.0 = Debug|x64
		{47AF42E8-E0AA-46A6-A30F-43A4FBFBADE8}.YH_RELEASE|x86.ActiveCfg = Debug|Win32
		{47AF42E8-E0AA-46A6-A30F-43A4FBFBADE8}.YH_RELEASE|x86.Build.0 = Debug|Win32
		{26D6405A-AC06-4F74-BB18-8FFDD4BE4AE6}.Debug|x64.ActiveCfg = Debug|x64
		{26D6405A-AC06-4F74-BB18-8FFDD4BE4AE6}.Debug|x64.Build.0 = Debug|x64
		{26D6405A-AC06-4F74-BB18-8FFDD4BE4AE6}.Debug|x86.ActiveCfg = Debug|Win32
		{26D6405A-AC06-4F74-BB18-8FFDD4BE4AE6}.Debug|x86.Build.0 = Debug|Win32
		{26D6405A-AC06-4F74-BB18-8FFDD4BE4AE6}.Release|x64.ActiveCfg = Release|x64
		{26D6405A-AC06-4F74-BB18-8FFDD4BE4AE6}.Release|x64.Build.0 = Release|x64
		{26D6405A-AC06-4F74-BB18-8FFDD4BE4AE6}.Release|x86.ActiveCfg = Release|Win32
		{26D6405A-AC06-4F74-BB18-8FFDD4BE4AE6}.Release|x86.Build.0 = Release|Win32
		{26D6405A-AC06-4F74-BB18-8FFDD4BE4AE6}.YH_DEBUG|x64.ActiveCfg = Debug|x64
		{26D6405A-AC06-4F74-BB18-8FFDD4BE4AE6}.YH_DEBUG|x64.Build.0 = Debug|x64
		{26D6405A-AC06-4F74-BB18-8FFDD4BE4AE6}.YH_DEBUG|x86.ActiveCfg = Debug|Win32
		{26D6405A-AC06-4F74-BB18-8FFDD4BE4AE6}.YH_DEBUG|x86.Build.0 = Debug|Win32
		{26D6405A-AC06-4F74-BB18-8FFDD4BE4AE6}.YH_RELEASE|x64.ActiveCfg = Debug|x64
		{26D6405A-AC06-4F74-BB18-8FFDD4BE4AE6}.YH_RELEASE|x64.Build.0 = Debug|x64
		{26D6405A-AC06-4F74-BB18-8FFDD4BE4AE6}.YH_RELEASE|x86.ActiveCfg = Debug|Win32
		{26D6405A-AC06-4F74-BB18-8FFDD4BE4AE6}.YH_RELEASE|x86.Build.0 = Debug|Win32
	EndGlobalSection
	GlobalSection(SolutionProperties) = preSolution
		HideSolutionNode = FALSE
	EndGlobalSection
	GlobalSection(NestedProjects) = preSolution
		{80ADD0B6-E8BE-4E79-B9EE-C628BBE3243D} = {3F7AE59D-CEFF-43E4-8BE2-1A8F68ADD43D}
		{0BB76C52-C35F-4A26-88E7-04920C2B5DBE} = {3F7AE59D-CEFF-43E4-8BE2-1A8F68ADD43D}
		{71B12DEC-4DF4-401F-A453-6216EF08C579} = {3F7AE59D-CEFF-43E4-8BE2-1A8F68ADD43D}
		{4C5CA68F-1387-44E2-84E2-6D07D893D21C} = {3F7AE59D-CEFF-43E4-8BE2-1A8F68ADD43D}
		{5501099A-FCCA-4350-8307-8499CE179EAC} = {3F7AE59D-CEFF-43E4-8BE2-1A8F68ADD43D}
		{CB145F87-3FE0-445E-BB70-582B466CBE74} = {3F7AE59D-CEFF-43E4-8BE2-1A8F68ADD43D}
	EndGlobalSection
	GlobalSection(ExtensibilityGlobals) = postSolution
		SolutionGuid = {346BC66F-585F-47C8-965B-0A849B7C47C7}
	EndGlobalSection
EndGlobal
