
Microsoft Visual Studio Solution File, Format Version 12.00
# Visual Studio Version 17
VisualStudioVersion = 17.7.34009.444
MinimumVisualStudioVersion = 10.0.40219.1
Project("{8BC9CEB8-8B4A-11D0-8D11-00A0C91BC942}") = "ZonaiEngine", "ZonaiEngine\ZonaiEngine.vcxproj", "{918351CC-DF5D-45FB-B923-FD4C5C96097A}"
EndProject
Project("{8BC9CEB8-8B4A-11D0-8D11-00A0C91BC942}") = "ZonaiGraphics", "ZonaiGraphics\ZonaiGraphics.vcxproj", "{3E6DEC05-53A8-41F0-9BCA-0AD5705C89F9}"
EndProject
Project("{8BC9CEB8-8B4A-11D0-8D11-00A0C91BC942}") = "ZonaiMath", "ZonaiMath\ZonaiMath.vcxproj", "{B6A14AD2-1DAD-4144-9C53-2D8664F0A03F}"
EndProject
Project("{8BC9CEB8-8B4A-11D0-8D11-00A0C91BC942}") = "ZonaiPhysics", "ZonaiPhysics\ZonaiPhysics.vcxproj", "{B0F3B838-99DD-4BA4-B728-BD8958FBDACD}"
EndProject
Project("{8BC9CEB8-8B4A-11D0-8D11-00A0C91BC942}") = "ZonaiSounds", "ZonaiSounds\ZonaiSounds.vcxproj", "{DB16270B-142F-4510-B13D-E7DA98F942D3}"
EndProject
Project("{8BC9CEB8-8B4A-11D0-8D11-00A0C91BC942}") = "ZonaiUtility", "ZonaiUtility\ZonaiUtility.vcxproj", "{95645C1E-C693-42C4-8D1B-281AB31B6A14}"
EndProject
Global
	GlobalSection(SolutionConfigurationPlatforms) = preSolution
		Debug|x64 = Debug|x64
		Debug|x86 = Debug|x86
		Release|x64 = Release|x64
		Release|x86 = Release|x86
	EndGlobalSection
	GlobalSection(ProjectConfigurationPlatforms) = postSolution
		{918351CC-DF5D-45FB-B923-FD4C5C96097A}.Debug|x64.ActiveCfg = Debug|x64
		{918351CC-DF5D-45FB-B923-FD4C5C96097A}.Debug|x64.Build.0 = Debug|x64
		{918351CC-DF5D-45FB-B923-FD4C5C96097A}.Debug|x86.ActiveCfg = Debug|Win32
		{918351CC-DF5D-45FB-B923-FD4C5C96097A}.Debug|x86.Build.0 = Debug|Win32
		{918351CC-DF5D-45FB-B923-FD4C5C96097A}.Release|x64.ActiveCfg = Release|x64
		{918351CC-DF5D-45FB-B923-FD4C5C96097A}.Release|x64.Build.0 = Release|x64
		{918351CC-DF5D-45FB-B923-FD4C5C96097A}.Release|x86.ActiveCfg = Release|Win32
		{918351CC-DF5D-45FB-B923-FD4C5C96097A}.Release|x86.Build.0 = Release|Win32
		{3E6DEC05-53A8-41F0-9BCA-0AD5705C89F9}.Debug|x64.ActiveCfg = Debug|x64
		{3E6DEC05-53A8-41F0-9BCA-0AD5705C89F9}.Debug|x64.Build.0 = Debug|x64
		{3E6DEC05-53A8-41F0-9BCA-0AD5705C89F9}.Debug|x86.ActiveCfg = Debug|Win32
		{3E6DEC05-53A8-41F0-9BCA-0AD5705C89F9}.Debug|x86.Build.0 = Debug|Win32
		{3E6DEC05-53A8-41F0-9BCA-0AD5705C89F9}.Release|x64.ActiveCfg = Release|x64
		{3E6DEC05-53A8-41F0-9BCA-0AD5705C89F9}.Release|x64.Build.0 = Release|x64
		{3E6DEC05-53A8-41F0-9BCA-0AD5705C89F9}.Release|x86.ActiveCfg = Release|Win32
		{3E6DEC05-53A8-41F0-9BCA-0AD5705C89F9}.Release|x86.Build.0 = Release|Win32
		{B6A14AD2-1DAD-4144-9C53-2D8664F0A03F}.Debug|x64.ActiveCfg = Debug|x64
		{B6A14AD2-1DAD-4144-9C53-2D8664F0A03F}.Debug|x64.Build.0 = Debug|x64
		{B6A14AD2-1DAD-4144-9C53-2D8664F0A03F}.Debug|x86.ActiveCfg = Debug|Win32
		{B6A14AD2-1DAD-4144-9C53-2D8664F0A03F}.Debug|x86.Build.0 = Debug|Win32
		{B6A14AD2-1DAD-4144-9C53-2D8664F0A03F}.Release|x64.ActiveCfg = Release|x64
		{B6A14AD2-1DAD-4144-9C53-2D8664F0A03F}.Release|x64.Build.0 = Release|x64
		{B6A14AD2-1DAD-4144-9C53-2D8664F0A03F}.Release|x86.ActiveCfg = Release|Win32
		{B6A14AD2-1DAD-4144-9C53-2D8664F0A03F}.Release|x86.Build.0 = Release|Win32
		{B0F3B838-99DD-4BA4-B728-BD8958FBDACD}.Debug|x64.ActiveCfg = Debug|x64
		{B0F3B838-99DD-4BA4-B728-BD8958FBDACD}.Debug|x64.Build.0 = Debug|x64
		{B0F3B838-99DD-4BA4-B728-BD8958FBDACD}.Debug|x86.ActiveCfg = Debug|Win32
		{B0F3B838-99DD-4BA4-B728-BD8958FBDACD}.Debug|x86.Build.0 = Debug|Win32
		{B0F3B838-99DD-4BA4-B728-BD8958FBDACD}.Release|x64.ActiveCfg = Release|x64
		{B0F3B838-99DD-4BA4-B728-BD8958FBDACD}.Release|x64.Build.0 = Release|x64
		{B0F3B838-99DD-4BA4-B728-BD8958FBDACD}.Release|x86.ActiveCfg = Release|Win32
		{B0F3B838-99DD-4BA4-B728-BD8958FBDACD}.Release|x86.Build.0 = Release|Win32
		{DB16270B-142F-4510-B13D-E7DA98F942D3}.Debug|x64.ActiveCfg = Debug|x64
		{DB16270B-142F-4510-B13D-E7DA98F942D3}.Debug|x64.Build.0 = Debug|x64
		{DB16270B-142F-4510-B13D-E7DA98F942D3}.Debug|x86.ActiveCfg = Debug|Win32
		{DB16270B-142F-4510-B13D-E7DA98F942D3}.Debug|x86.Build.0 = Debug|Win32
		{DB16270B-142F-4510-B13D-E7DA98F942D3}.Release|x64.ActiveCfg = Release|x64
		{DB16270B-142F-4510-B13D-E7DA98F942D3}.Release|x64.Build.0 = Release|x64
		{DB16270B-142F-4510-B13D-E7DA98F942D3}.Release|x86.ActiveCfg = Release|Win32
		{DB16270B-142F-4510-B13D-E7DA98F942D3}.Release|x86.Build.0 = Release|Win32
		{95645C1E-C693-42C4-8D1B-281AB31B6A14}.Debug|x64.ActiveCfg = Debug|x64
		{95645C1E-C693-42C4-8D1B-281AB31B6A14}.Debug|x64.Build.0 = Debug|x64
		{95645C1E-C693-42C4-8D1B-281AB31B6A14}.Debug|x86.ActiveCfg = Debug|Win32
		{95645C1E-C693-42C4-8D1B-281AB31B6A14}.Debug|x86.Build.0 = Debug|Win32
		{95645C1E-C693-42C4-8D1B-281AB31B6A14}.Release|x64.ActiveCfg = Release|x64
		{95645C1E-C693-42C4-8D1B-281AB31B6A14}.Release|x64.Build.0 = Release|x64
		{95645C1E-C693-42C4-8D1B-281AB31B6A14}.Release|x86.ActiveCfg = Release|Win32
		{95645C1E-C693-42C4-8D1B-281AB31B6A14}.Release|x86.Build.0 = Release|Win32
	EndGlobalSection
	GlobalSection(SolutionProperties) = preSolution
		HideSolutionNode = FALSE
	EndGlobalSection
	GlobalSection(ExtensibilityGlobals) = postSolution
		SolutionGuid = {20691C36-BBC7-4E72-9CB8-9FE2139382DD}
	EndGlobalSection
EndGlobal
