
Microsoft Visual Studio Solution File, Format Version 12.00
# Visual Studio Version 17
VisualStudioVersion = 17.7.34202.233
MinimumVisualStudioVersion = 10.0.40219.1
Project("{8BC9CEB8-8B4A-11D0-8D11-00A0C91BC942}") = "ZonaiPhysicsX", "ZonaiPhysicsX\ZonaiPhysicsX.vcxproj", "{47AF42E8-E0AA-46A6-A30F-43A4FBFBADE8}"
EndProject
Project("{8BC9CEB8-8B4A-11D0-8D11-00A0C91BC942}") = "ZonaiPhysicsInterface", "ZonaiPhysicsInterface\ZonaiPhysicsInterface.vcxproj", "{7480E343-F541-4FB4-937F-A23DD1F33AEF}"
EndProject
Project("{8BC9CEB8-8B4A-11D0-8D11-00A0C91BC942}") = "ZonaiDemo", "ZonaiDemo\ZonaiDemo.vcxproj", "{B4025E7B-2256-444F-BD5A-CC5C378B9584}"
EndProject
Project("{8BC9CEB8-8B4A-11D0-8D11-00A0C91BC942}") = "ZonaiPhysics", "..\..\Documents\ZonaiEngine\ZonaiPhysics\ZonaiPhysics.vcxproj", "{B0F3B838-99DD-4BA4-B728-BD8958FBDACD}"
EndProject
Global
	GlobalSection(SolutionConfigurationPlatforms) = preSolution
		Debug|x64 = Debug|x64
		Debug|x86 = Debug|x86
		Release|x64 = Release|x64
		Release|x86 = Release|x86
	EndGlobalSection
	GlobalSection(ProjectConfigurationPlatforms) = postSolution
		{47AF42E8-E0AA-46A6-A30F-43A4FBFBADE8}.Debug|x64.ActiveCfg = Debug|x64
		{47AF42E8-E0AA-46A6-A30F-43A4FBFBADE8}.Debug|x64.Build.0 = Debug|x64
		{47AF42E8-E0AA-46A6-A30F-43A4FBFBADE8}.Debug|x86.ActiveCfg = Debug|Win32
		{47AF42E8-E0AA-46A6-A30F-43A4FBFBADE8}.Debug|x86.Build.0 = Debug|Win32
		{47AF42E8-E0AA-46A6-A30F-43A4FBFBADE8}.Release|x64.ActiveCfg = Release|x64
		{47AF42E8-E0AA-46A6-A30F-43A4FBFBADE8}.Release|x64.Build.0 = Release|x64
		{47AF42E8-E0AA-46A6-A30F-43A4FBFBADE8}.Release|x86.ActiveCfg = Release|Win32
		{47AF42E8-E0AA-46A6-A30F-43A4FBFBADE8}.Release|x86.Build.0 = Release|Win32
		{7480E343-F541-4FB4-937F-A23DD1F33AEF}.Debug|x64.ActiveCfg = Debug|x64
		{7480E343-F541-4FB4-937F-A23DD1F33AEF}.Debug|x64.Build.0 = Debug|x64
		{7480E343-F541-4FB4-937F-A23DD1F33AEF}.Debug|x86.ActiveCfg = Debug|Win32
		{7480E343-F541-4FB4-937F-A23DD1F33AEF}.Debug|x86.Build.0 = Debug|Win32
		{7480E343-F541-4FB4-937F-A23DD1F33AEF}.Release|x64.ActiveCfg = Release|x64
		{7480E343-F541-4FB4-937F-A23DD1F33AEF}.Release|x64.Build.0 = Release|x64
		{7480E343-F541-4FB4-937F-A23DD1F33AEF}.Release|x86.ActiveCfg = Release|Win32
		{7480E343-F541-4FB4-937F-A23DD1F33AEF}.Release|x86.Build.0 = Release|Win32
		{B4025E7B-2256-444F-BD5A-CC5C378B9584}.Debug|x64.ActiveCfg = Debug|x64
		{B4025E7B-2256-444F-BD5A-CC5C378B9584}.Debug|x64.Build.0 = Debug|x64
		{B4025E7B-2256-444F-BD5A-CC5C378B9584}.Debug|x86.ActiveCfg = Debug|Win32
		{B4025E7B-2256-444F-BD5A-CC5C378B9584}.Debug|x86.Build.0 = Debug|Win32
		{B4025E7B-2256-444F-BD5A-CC5C378B9584}.Release|x64.ActiveCfg = Release|x64
		{B4025E7B-2256-444F-BD5A-CC5C378B9584}.Release|x64.Build.0 = Release|x64
		{B4025E7B-2256-444F-BD5A-CC5C378B9584}.Release|x86.ActiveCfg = Release|Win32
		{B4025E7B-2256-444F-BD5A-CC5C378B9584}.Release|x86.Build.0 = Release|Win32
		{B0F3B838-99DD-4BA4-B728-BD8958FBDACD}.Debug|x64.ActiveCfg = Debug|x64
		{B0F3B838-99DD-4BA4-B728-BD8958FBDACD}.Debug|x64.Build.0 = Debug|x64
		{B0F3B838-99DD-4BA4-B728-BD8958FBDACD}.Debug|x86.ActiveCfg = Debug|Win32
		{B0F3B838-99DD-4BA4-B728-BD8958FBDACD}.Debug|x86.Build.0 = Debug|Win32
		{B0F3B838-99DD-4BA4-B728-BD8958FBDACD}.Release|x64.ActiveCfg = Release|x64
		{B0F3B838-99DD-4BA4-B728-BD8958FBDACD}.Release|x64.Build.0 = Release|x64
		{B0F3B838-99DD-4BA4-B728-BD8958FBDACD}.Release|x86.ActiveCfg = Release|Win32
		{B0F3B838-99DD-4BA4-B728-BD8958FBDACD}.Release|x86.Build.0 = Release|Win32
	EndGlobalSection
	GlobalSection(SolutionProperties) = preSolution
		HideSolutionNode = FALSE
	EndGlobalSection
	GlobalSection(ExtensibilityGlobals) = postSolution
		SolutionGuid = {80C20AE9-CBDF-45BC-B02E-F99D2D3E8B25}
	EndGlobalSection
EndGlobal
