<?xml version="1.0" encoding="utf-8"?>
<Project ToolsVersion="4.0" xmlns="http://schemas.microsoft.com/developer/msbuild/2003">
  <ItemGroup>
    <Filter Include="소스 파일">
      <UniqueIdentifier>{4FC737F1-C7A5-4376-A066-2A32D752A2FF}</UniqueIdentifier>
      <Extensions>cpp;c;cc;cxx;c++;cppm;ixx;def;odl;idl;hpj;bat;asm;asmx</Extensions>
    </Filter>
    <Filter Include="헤더 파일">
      <UniqueIdentifier>{93995380-89BD-4b04-88EB-625FBE52EBFB}</UniqueIdentifier>
      <Extensions>h;hh;hpp;hxx;h++;hm;inl;inc;ipp;xsd</Extensions>
    </Filter>
    <Filter Include="Core">
      <UniqueIdentifier>{5910aeff-8b7f-4494-8de2-7d0420d08030}</UniqueIdentifier>
    </Filter>
    <Filter Include="Shader">
      <UniqueIdentifier>{01826fcd-ce0d-44e1-a5f7-664dcec2a941}</UniqueIdentifier>
    </Filter>
    <Filter Include="practice">
      <UniqueIdentifier>{d74dcc0b-a527-4463-9fde-08f7639a0172}</UniqueIdentifier>
    </Filter>
    <Filter Include="Core\Resource">
      <UniqueIdentifier>{2c6e07d0-7214-4988-9459-e16d81051475}</UniqueIdentifier>
    </Filter>
    <Filter Include="Core\Resource\Mesh">
      <UniqueIdentifier>{5d2fc1b3-e0d3-4072-9bfd-52d758202309}</UniqueIdentifier>
    </Filter>
    <Filter Include="Core\Resource\Texture">
      <UniqueIdentifier>{62f65f39-551d-48ba-bead-b3edc055ed3b}</UniqueIdentifier>
    </Filter>
    <Filter Include="Core\Renderer">
      <UniqueIdentifier>{bb7cdd47-e6be-4c15-b621-9ce4bb4bdcb7}</UniqueIdentifier>
    </Filter>
    <Filter Include="Core\Resource\Camera">
      <UniqueIdentifier>{b355fc01-e96c-4bde-af4e-2266190ef5ff}</UniqueIdentifier>
    </Filter>
    <Filter Include="Core\Resource\Model">
      <UniqueIdentifier>{39798b87-176a-481c-be4b-4e4451906328}</UniqueIdentifier>
    </Filter>
    <Filter Include="Core\ConstantBuffer">
      <UniqueIdentifier>{52be387d-a7d5-43d6-9fb3-30d067281a36}</UniqueIdentifier>
    </Filter>
    <Filter Include="Core\Resource\Material">
      <UniqueIdentifier>{b3791b9a-a885-4871-8e82-b7edb03650ff}</UniqueIdentifier>
    </Filter>
    <Filter Include="Core\Resource\Light">
      <UniqueIdentifier>{7f1be31d-b230-4257-9519-867df83f700a}</UniqueIdentifier>
    </Filter>
    <Filter Include="Shader\Header">
      <UniqueIdentifier>{961e2cde-e460-440d-9049-9db05b295a57}</UniqueIdentifier>
    </Filter>
  </ItemGroup>
  <ItemGroup>
    <ClInclude Include="header\IZeldaRenderer.h">
      <Filter>Core</Filter>
    </ClInclude>
    <ClInclude Include="IDrawable.h">
      <Filter>Core</Filter>
    </ClInclude>
    <ClInclude Include="header\ZeldaGraphicsAPI.h">
      <Filter>practice</Filter>
    </ClInclude>
    <ClInclude Include="ZeldaShader.h">
      <Filter>practice</Filter>
    </ClInclude>
    <ClInclude Include="ZeldaTexture.h">
      <Filter>Core\Resource\Texture</Filter>
    </ClInclude>
    <ClInclude Include="ResourceManager.h">
      <Filter>Core\Resource</Filter>
    </ClInclude>
    <ClInclude Include="ZeldaGraphicsDefine.h">
      <Filter>Core</Filter>
    </ClInclude>
    <ClInclude Include="ZeldaMesh.h">
      <Filter>Core\Resource\Mesh</Filter>
    </ClInclude>
    <ClInclude Include="header\ZeldaGraphics.h">
      <Filter>Core</Filter>
    </ClInclude>
    <ClInclude Include="MathConverter.h">
      <Filter>Core</Filter>
    </ClInclude>
    <ClInclude Include="header\GraphicsResourceID.h">
      <Filter>Core\Resource</Filter>
    </ClInclude>
    <ClInclude Include="IDGenerator.h">
      <Filter>Core\Resource</Filter>
    </ClInclude>
    <ClInclude Include="ZeldaDX11Renderer.h">
      <Filter>Core\Renderer</Filter>
    </ClInclude>
    <ClInclude Include="ZeldaCamera.h">
      <Filter>Core\Resource\Camera</Filter>
    </ClInclude>
    <ClInclude Include="ConstantBuffer.h">
      <Filter>Core\ConstantBuffer</Filter>
    </ClInclude>
    <ClInclude Include="IConstantBuffer.h">
      <Filter>Core\ConstantBuffer</Filter>
    </ClInclude>
    <ClInclude Include="ConstantBufferManager.h">
      <Filter>Core\ConstantBuffer</Filter>
    </ClInclude>
    <ClInclude Include="ZeldaModel.h">
      <Filter>Core\Resource\Model</Filter>
    </ClInclude>
    <ClInclude Include="ModelingData.h">
      <Filter>Core\Resource</Filter>
    </ClInclude>
    <ClInclude Include="ZeldaMaterial.h">
      <Filter>Core\Resource\Material</Filter>
    </ClInclude>
    <ClInclude Include="ZeldaLight.h">
      <Filter>Core\Resource\Light</Filter>
    </ClInclude>
  </ItemGroup>
  <ItemGroup>
    <ClCompile Include="ZeldaShader.cpp">
      <Filter>practice</Filter>
    </ClCompile>
    <ClCompile Include="ZeldaTexture.cpp">
      <Filter>Core\Resource\Texture</Filter>
    </ClCompile>
    <ClCompile Include="ZeldaMesh.cpp">
      <Filter>Core\Resource\Mesh</Filter>
    </ClCompile>
    <ClCompile Include="ZeldaGraphics.cpp">
      <Filter>Core</Filter>
    </ClCompile>
    <ClCompile Include="MathConverter.cpp">
      <Filter>Core</Filter>
    </ClCompile>
    <ClCompile Include="IDGenerator.cpp">
      <Filter>Core\Resource</Filter>
    </ClCompile>
    <ClCompile Include="ZeldaDX11Renderer.cpp">
      <Filter>Core\Renderer</Filter>
    </ClCompile>
    <ClCompile Include="ZeldaCamera.cpp">
      <Filter>Core\Resource\Camera</Filter>
    </ClCompile>
    <ClCompile Include="ConstantBufferManager.cpp">
      <Filter>Core\ConstantBuffer</Filter>
    </ClCompile>
    <ClCompile Include="ZeldaModel.cpp">
      <Filter>Core\Resource\Model</Filter>
    </ClCompile>
    <ClCompile Include="ModelingData.cpp">
      <Filter>Core\Resource</Filter>
    </ClCompile>
    <ClCompile Include="ResourceManager.cpp">
      <Filter>Core\Resource</Filter>
    </ClCompile>
    <ClCompile Include="ZeldaGraphicsDefine.cpp">
      <Filter>Core</Filter>
    </ClCompile>
    <ClCompile Include="ZeldaMaterial.cpp">
      <Filter>Core\Resource\Material</Filter>
    </ClCompile>
    <ClCompile Include="ZeldaLight.cpp">
      <Filter>Core\Resource\Light</Filter>
    </ClCompile>
  </ItemGroup>
  <ItemGroup>
    <FxCompile Include="TestShader.hlsl">
      <Filter>Shader</Filter>
    </FxCompile>
    <FxCompile Include="VertexShader.hlsl">
      <Filter>Shader</Filter>
    </FxCompile>
    <FxCompile Include="PixelShader.hlsl">
      <Filter>Shader</Filter>
    </FxCompile>
    <FxCompile Include="DeferredObjectVS.hlsl">
      <Filter>Shader</Filter>
    </FxCompile>
    <FxCompile Include="DeferredObjectPS.hlsl">
      <Filter>Shader</Filter>
    </FxCompile>
    <FxCompile Include="DeferredDirectionalLightVS.hlsl">
      <Filter>Shader</Filter>
    </FxCompile>
    <FxCompile Include="DeferredDirectionalLightPS.hlsl">
      <Filter>Shader</Filter>
    </FxCompile>
    <FxCompile Include="DeferredFinalVS.hlsl">
      <Filter>Shader</Filter>
    </FxCompile>
    <FxCompile Include="DeferredFinalPS.hlsl">
      <Filter>Shader</Filter>
    </FxCompile>
    <FxCompile Include="ForwardVS.hlsl">
      <Filter>Shader</Filter>
    </FxCompile>
    <FxCompile Include="ForwardPS.hlsl">
      <Filter>Shader</Filter>
    </FxCompile>
    <FxCompile Include="DeferredPointLightVS.hlsl">
      <Filter>Shader</Filter>
    </FxCompile>
    <FxCompile Include="DeferredSpotLightVS.hlsl">
      <Filter>Shader</Filter>
    </FxCompile>
    <FxCompile Include="DeferredPointLightPS.hlsl">
      <Filter>Shader</Filter>
    </FxCompile>
    <FxCompile Include="DeferredSpotLightPS.hlsl">
      <Filter>Shader</Filter>
    </FxCompile>
    <FxCompile Include="DeferredInstancingObjectVS.hlsl">
      <Filter>Shader</Filter>
    </FxCompile>
    <FxCompile Include="ForwardInstancingVS.hlsl">
      <Filter>Shader</Filter>
    </FxCompile>
    <FxCompile Include="CubeMapVS.hlsl">
      <Filter>Shader</Filter>
    </FxCompile>
    <FxCompile Include="CubeMapPS.hlsl">
      <Filter>Shader</Filter>
    </FxCompile>
    <FxCompile Include="DeferredBlendingAnimationObjectVS.hlsl">
      <Filter>Shader</Filter>
    </FxCompile>
    <FxCompile Include="ForwardBlendingAnimationVS.hlsl">
      <Filter>Shader</Filter>
    </FxCompile>
  </ItemGroup>
  <ItemGroup>
    <None Include="Buffers.hlsli">
      <Filter>Shader\Header</Filter>
    </None>
    <None Include="Light.hlsli">
      <Filter>Shader\Header</Filter>
    </None>
    <None Include="Matrix.hlsli">
      <Filter>Shader\Header</Filter>
    </None>
    <None Include="Quaternion.hlsli">
      <Filter>Shader\Header</Filter>
    </None>
    <None Include="Utility.hlsli">
      <Filter>Shader\Header</Filter>
    </None>
  </ItemGroup>
</Project>