<?xml version="1.0" encoding="utf-8"?>
<Project ToolsVersion="4.0" xmlns="http://schemas.microsoft.com/developer/msbuild/2003">
  <ItemGroup>
    <ClCompile Include="ZnPhysicsX.cpp" />
    <ClCompile Include="RigidBody.cpp">
      <Filter>Rigidbody</Filter>
    </ClCompile>
    <ClCompile Include="Collider.cpp">
      <Filter>Collider</Filter>
    </ClCompile>
    <ClCompile Include="FixedJoint.cpp">
      <Filter>Joint</Filter>
    </ClCompile>
    <ClCompile Include="SphericalJoint.cpp">
      <Filter>Joint</Filter>
    </ClCompile>
    <ClCompile Include="BoxCollider.cpp">
      <Filter>Collider</Filter>
    </ClCompile>
    <ClCompile Include="ZnSimulationCallbackX.cpp" />
    <ClCompile Include="SphereCollider.cpp">
      <Filter>Collider</Filter>
    </ClCompile>
    <ClCompile Include="DistanceJoint.cpp">
      <Filter>Joint</Filter>
    </ClCompile>
    <ClCompile Include="CapsuleCollider.cpp">
      <Filter>Collider</Filter>
    </ClCompile>
    <ClCompile Include="PrismaticJoint.cpp">
      <Filter>Joint</Filter>
    </ClCompile>
    <ClCompile Include="HingeJoint.cpp">
      <Filter>Joint</Filter>
    </ClCompile>
  </ItemGroup>
  <ItemGroup>
    <ClInclude Include="ZnPhysicsX.h" />
    <ClInclude Include="ZonaiPhysicsX.h" />
    <ClInclude Include="RigidBody.h">
      <Filter>Rigidbody</Filter>
    </ClInclude>
    <ClInclude Include="Collider.h">
      <Filter>Collider</Filter>
    </ClInclude>
    <ClInclude Include="FixedJoint.h">
      <Filter>Joint</Filter>
    </ClInclude>
    <ClInclude Include="SphericalJoint.h">
      <Filter>Joint</Filter>
    </ClInclude>
    <ClInclude Include="BoxCollider.h">
      <Filter>Collider</Filter>
    </ClInclude>
    <ClInclude Include="ZnSimulationCallbackX.h" />
    <ClInclude Include="SphereCollider.h">
      <Filter>Collider</Filter>
    </ClInclude>
    <ClInclude Include="DistanceJoint.h">
      <Filter>Joint</Filter>
    </ClInclude>
    <ClInclude Include="CapsuleCollider.h">
      <Filter>Collider</Filter>
    </ClInclude>
    <ClInclude Include="PrismaticJoint.h">
      <Filter>Joint</Filter>
    </ClInclude>
    <ClInclude Include="HingeJoint.h">
      <Filter>Joint</Filter>
    </ClInclude>
    <ClInclude Include="TemplateJoint.h">
      <Filter>Joint</Filter>
    </ClInclude>
  </ItemGroup>
  <ItemGroup>
    <Filter Include="Collider">
      <UniqueIdentifier>{539620a7-3fb4-4f3a-bd51-a11e0a7a04de}</UniqueIdentifier>
    </Filter>
    <Filter Include="Rigidbody">
      <UniqueIdentifier>{5ff07861-2445-4018-842b-cbeb394dad60}</UniqueIdentifier>
    </Filter>
    <Filter Include="Joint">
      <UniqueIdentifier>{b4341449-1497-499a-be4e-49f85d6d0d1a}</UniqueIdentifier>
    </Filter>
  </ItemGroup>
</Project>