<?xml version="1.0" encoding="utf-8"?>
<Project ToolsVersion="4.0" xmlns="http://schemas.microsoft.com/developer/msbuild/2003">
  <ItemGroup>
    <ClCompile Include="RigidBody.cpp">
      <Filter>Object\Rigidbody</Filter>
    </ClCompile>
    <ClCompile Include="Collider.cpp">
      <Filter>Object\Collider</Filter>
    </ClCompile>
    <ClCompile Include="FixedJoint.cpp">
      <Filter>Object\Joint</Filter>
    </ClCompile>
    <ClCompile Include="SphericalJoint.cpp">
      <Filter>Object\Joint</Filter>
    </ClCompile>
    <ClCompile Include="BoxCollider.cpp">
      <Filter>Object\Collider</Filter>
    </ClCompile>
    <ClCompile Include="SphereCollider.cpp">
      <Filter>Object\Collider</Filter>
    </ClCompile>
    <ClCompile Include="DistanceJoint.cpp">
      <Filter>Object\Joint</Filter>
    </ClCompile>
    <ClCompile Include="CapsuleCollider.cpp">
      <Filter>Object\Collider</Filter>
    </ClCompile>
    <ClCompile Include="PrismaticJoint.cpp">
      <Filter>Object\Joint</Filter>
    </ClCompile>
    <ClCompile Include="HingeJoint.cpp">
      <Filter>Object\Joint</Filter>
    </ClCompile>
    <ClCompile Include="ZnUtil.cpp" />
    <ClCompile Include="FilterCallback.cpp">
      <Filter>0. Core\Callback</Filter>
    </ClCompile>
    <ClCompile Include="EventCallback.cpp">
      <Filter>0. Core\Callback</Filter>
    </ClCompile>
    <ClCompile Include="ZnFactoryX.cpp">
      <Filter>0. Core</Filter>
    </ClCompile>
    <ClCompile Include="ZnWorld.cpp">
      <Filter>0. Core</Filter>
    </ClCompile>
    <ClCompile Include="ZnPhysicsX.cpp">
      <Filter>0. Core</Filter>
    </ClCompile>
    <ClCompile Include="QueryFilterCallback.cpp">
      <Filter>0. Core\Callback</Filter>
    </ClCompile>
    <ClCompile Include="RigidBodyHelper.cpp">
      <Filter>Object\Rigidbody</Filter>
    </ClCompile>
    <ClCompile Include="ColliderHelper.cpp">
      <Filter>Object\Collider</Filter>
    </ClCompile>
    <ClCompile Include="JointHelper.cpp">
      <Filter>Object\Joint</Filter>
    </ClCompile>
    <ClCompile Include="ZnLayer.cpp">
      <Filter>0. Core</Filter>
    </ClCompile>
    <ClCompile Include="MeshCollider.cpp">
      <Filter>Object\Collider</Filter>
    </ClCompile>
    <ClCompile Include="ConvexCollider.cpp">
      <Filter>Object\Collider</Filter>
    </ClCompile>
    <ClCompile Include="ResourceManager.cpp">
      <Filter>0. Core\Resource</Filter>
    </ClCompile>
  </ItemGroup>
  <ItemGroup>
    <ClInclude Include="ZonaiPhysicsX.h" />
    <ClInclude Include="RigidBody.h">
      <Filter>Object\Rigidbody</Filter>
    </ClInclude>
    <ClInclude Include="Collider.h">
      <Filter>Object\Collider</Filter>
    </ClInclude>
    <ClInclude Include="FixedJoint.h">
      <Filter>Object\Joint</Filter>
    </ClInclude>
    <ClInclude Include="SphericalJoint.h">
      <Filter>Object\Joint</Filter>
    </ClInclude>
    <ClInclude Include="BoxCollider.h">
      <Filter>Object\Collider</Filter>
    </ClInclude>
    <ClInclude Include="SphereCollider.h">
      <Filter>Object\Collider</Filter>
    </ClInclude>
    <ClInclude Include="DistanceJoint.h">
      <Filter>Object\Joint</Filter>
    </ClInclude>
    <ClInclude Include="CapsuleCollider.h">
      <Filter>Object\Collider</Filter>
    </ClInclude>
    <ClInclude Include="PrismaticJoint.h">
      <Filter>Object\Joint</Filter>
    </ClInclude>
    <ClInclude Include="HingeJoint.h">
      <Filter>Object\Joint</Filter>
    </ClInclude>
    <ClInclude Include="TemplateJoint.h">
      <Filter>Object\Joint</Filter>
    </ClInclude>
    <ClInclude Include="ZnUtil.h" />
    <ClInclude Include="FilterCallback.h">
      <Filter>0. Core\Callback</Filter>
    </ClInclude>
    <ClInclude Include="EventCallback.h">
      <Filter>0. Core\Callback</Filter>
    </ClInclude>
    <ClInclude Include="ZnFactoryX.h">
      <Filter>0. Core</Filter>
    </ClInclude>
    <ClInclude Include="ZnWorld.h">
      <Filter>0. Core</Filter>
    </ClInclude>
    <ClInclude Include="ZnPhysicsX.h">
      <Filter>0. Core</Filter>
    </ClInclude>
    <ClInclude Include="ZnLayer.h">
      <Filter>0. Core</Filter>
    </ClInclude>
    <ClInclude Include="QueryFilterCallback.h">
      <Filter>0. Core\Callback</Filter>
    </ClInclude>
    <ClInclude Include="RigidBodyHelper.h">
      <Filter>Object\Rigidbody</Filter>
    </ClInclude>
    <ClInclude Include="ColliderHelper.h">
      <Filter>Object\Collider</Filter>
    </ClInclude>
    <ClInclude Include="JointHelper.h">
      <Filter>Object\Joint</Filter>
    </ClInclude>
    <ClInclude Include="MeshCollider.h">
      <Filter>Object\Collider</Filter>
    </ClInclude>
    <ClInclude Include="ConvexCollider.h">
      <Filter>Object\Collider</Filter>
    </ClInclude>
    <ClInclude Include="ResourceManager.h">
      <Filter>0. Core\Resource</Filter>
    </ClInclude>
  </ItemGroup>
  <ItemGroup>
    <Filter Include="0. Core">
      <UniqueIdentifier>{1c9c9af7-2edf-4237-a765-23d19545baa7}</UniqueIdentifier>
    </Filter>
    <Filter Include="0. Core\Resource">
      <UniqueIdentifier>{60396cae-b290-46de-9959-336596bfa6e9}</UniqueIdentifier>
    </Filter>
    <Filter Include="Object">
      <UniqueIdentifier>{550e7f17-25f5-4a98-99dc-9af927bc719d}</UniqueIdentifier>
    </Filter>
    <Filter Include="Object\Collider">
      <UniqueIdentifier>{539620a7-3fb4-4f3a-bd51-a11e0a7a04de}</UniqueIdentifier>
    </Filter>
    <Filter Include="Object\Joint">
      <UniqueIdentifier>{b4341449-1497-499a-be4e-49f85d6d0d1a}</UniqueIdentifier>
    </Filter>
    <Filter Include="Object\Rigidbody">
      <UniqueIdentifier>{5ff07861-2445-4018-842b-cbeb394dad60}</UniqueIdentifier>
    </Filter>
    <Filter Include="0. Core\Callback">
      <UniqueIdentifier>{4bc93695-0572-49f8-ab21-3ed039a919d4}</UniqueIdentifier>
    </Filter>
  </ItemGroup>
</Project>