<?xml version="1.0" encoding="utf-8"?>
<Project ToolsVersion="4.0" xmlns="http://schemas.microsoft.com/developer/msbuild/2003">
  <ItemGroup>
    <Filter Include="FBXLoader">
      <UniqueIdentifier>{199ec822-c028-41aa-a750-3ba1cb19e1ed}</UniqueIdentifier>
    </Filter>
    <Filter Include="Header">
      <UniqueIdentifier>{bd440fe2-9ac3-49af-b748-77b02faf96e9}</UniqueIdentifier>
    </Filter>
  </ItemGroup>
  <ItemGroup>
    <ClCompile Include="FBXLoader.cpp">
      <Filter>FBXLoader</Filter>
    </ClCompile>
  </ItemGroup>
  <ItemGroup>
    <ClInclude Include="FBXLoader.h">
      <Filter>Header</Filter>
    </ClInclude>
    <ClInclude Include="FBXData.h">
      <Filter>Header</Filter>
    </ClInclude>
  </ItemGroup>
</Project>