<?xml version="1.0" encoding="utf-8"?>
<Project ToolsVersion="4.0" xmlns="http://schemas.microsoft.com/developer/msbuild/2003">
  <ItemGroup>
    <Filter Include="00. ZonaiMath">
      <UniqueIdentifier>{b0e805e5-20bf-41cd-9cbc-3f8596d17385}</UniqueIdentifier>
    </Filter>
    <Filter Include="01. Vector">
      <UniqueIdentifier>{c1a48b7e-9957-423b-85d3-bd04dc2c8ee7}</UniqueIdentifier>
    </Filter>
    <Filter Include="02. Matrix">
      <UniqueIdentifier>{d21bb91b-2bec-4607-b45f-e1fa01844ff2}</UniqueIdentifier>
    </Filter>
    <Filter Include="03. Quaternion">
      <UniqueIdentifier>{2a3e7065-1f17-4dbd-8d66-0e248a3ce402}</UniqueIdentifier>
    </Filter>
  </ItemGroup>
  <ItemGroup>
    <ClCompile Include="Vector3D.cpp">
      <Filter>01. Vector</Filter>
    </ClCompile>
    <ClCompile Include="Vector2D.cpp">
      <Filter>01. Vector</Filter>
    </ClCompile>
    <ClCompile Include="Vector4D.cpp">
      <Filter>01. Vector</Filter>
    </ClCompile>
    <ClCompile Include="Matrix4x4.cpp">
      <Filter>02. Matrix</Filter>
    </ClCompile>
    <ClCompile Include="Matrix3x3.cpp">
      <Filter>02. Matrix</Filter>
    </ClCompile>
    <ClCompile Include="Matrix2x2.cpp">
      <Filter>02. Matrix</Filter>
    </ClCompile>
    <ClCompile Include="Quaternion.cpp">
      <Filter>03. Quaternion</Filter>
    </ClCompile>
    <ClCompile Include="ZonaiMath.cpp">
      <Filter>00. ZonaiMath</Filter>
    </ClCompile>
    <ClCompile Include="Matrix1x4.cpp">
      <Filter>02. Matrix</Filter>
    </ClCompile>
    <ClCompile Include="Matrix1x3.cpp">
      <Filter>02. Matrix</Filter>
    </ClCompile>
    <ClCompile Include="Matrix1x2.cpp">
      <Filter>02. Matrix</Filter>
    </ClCompile>
  </ItemGroup>
  <ItemGroup>
    <ClInclude Include="Vector3D.h">
      <Filter>01. Vector</Filter>
    </ClInclude>
    <ClInclude Include="Vector2D.h">
      <Filter>01. Vector</Filter>
    </ClInclude>
    <ClInclude Include="Vector4D.h">
      <Filter>01. Vector</Filter>
    </ClInclude>
    <ClInclude Include="Matrix4x4.h">
      <Filter>02. Matrix</Filter>
    </ClInclude>
    <ClInclude Include="Matrix3x3.h">
      <Filter>02. Matrix</Filter>
    </ClInclude>
    <ClInclude Include="Matrix2x2.h">
      <Filter>02. Matrix</Filter>
    </ClInclude>
    <ClInclude Include="Quaternion.h">
      <Filter>03. Quaternion</Filter>
    </ClInclude>
    <ClInclude Include="ZonaiMath.h">
      <Filter>00. ZonaiMath</Filter>
    </ClInclude>
    <ClInclude Include="Matrix1x4.h">
      <Filter>02. Matrix</Filter>
    </ClInclude>
    <ClInclude Include="Matrix1x3.h">
      <Filter>02. Matrix</Filter>
    </ClInclude>
    <ClInclude Include="Matrix1x2.h">
      <Filter>02. Matrix</Filter>
    </ClInclude>
  </ItemGroup>
</Project>