<?xml version="1.0" encoding="utf-8"?>
<Project ToolsVersion="4.0" xmlns="http://schemas.microsoft.com/developer/msbuild/2003">
  <ItemGroup>
    <Filter Include="Component">
      <UniqueIdentifier>{818d1011-ec6b-4b56-a842-117ea284bb65}</UniqueIdentifier>
    </Filter>
    <Filter Include="Core">
      <UniqueIdentifier>{e68248b4-d5ab-4270-8277-6845edee5683}</UniqueIdentifier>
    </Filter>
    <Filter Include="GameObject">
      <UniqueIdentifier>{8943e751-dc73-4a19-bc01-0ed57e3b59da}</UniqueIdentifier>
    </Filter>
    <Filter Include="Core\dll">
      <UniqueIdentifier>{2615fabf-51e8-4853-b558-ee689eada209}</UniqueIdentifier>
    </Filter>
    <Filter Include="Core\Manager">
      <UniqueIdentifier>{bcdda42b-17bd-48e3-965b-17d31b7b121d}</UniqueIdentifier>
    </Filter>
    <Filter Include="Core\Manager\InputManager">
      <UniqueIdentifier>{c76577f9-370f-4a36-b09b-8bb28b636ddc}</UniqueIdentifier>
    </Filter>
    <Filter Include="Core\Manager\SceneManager">
      <UniqueIdentifier>{6130b827-11ec-46ba-88b0-d704399f7849}</UniqueIdentifier>
    </Filter>
    <Filter Include="Core\Manager\GraphicsManager">
      <UniqueIdentifier>{77ac30f5-a1c2-4658-b8be-6f5f6f76591e}</UniqueIdentifier>
    </Filter>
    <Filter Include="Core\Time">
      <UniqueIdentifier>{9b8a5132-4fb0-423f-870d-c11e17d58f29}</UniqueIdentifier>
    </Filter>
    <Filter Include="Core\Physics">
      <UniqueIdentifier>{4c2fd85b-b061-4d34-a3a0-a44bd07a3344}</UniqueIdentifier>
    </Filter>
    <Filter Include="Component\0. Base">
      <UniqueIdentifier>{f970f90d-7e20-4aea-b700-bc842d7b02d0}</UniqueIdentifier>
    </Filter>
    <Filter Include="Component\1. Manager">
      <UniqueIdentifier>{4a05d4e7-f813-447e-8d56-990fba752ad4}</UniqueIdentifier>
    </Filter>
    <Filter Include="Component\2. Physics">
      <UniqueIdentifier>{78e1a3ad-3f42-4349-9c1a-0f701d551920}</UniqueIdentifier>
    </Filter>
    <Filter Include="Component\2. Physics\Joint">
      <UniqueIdentifier>{6731ae7b-2c71-4b93-8193-77819af87f22}</UniqueIdentifier>
    </Filter>
    <Filter Include="Component\2. Physics\Collider">
      <UniqueIdentifier>{e90a2f97-4873-49a2-83ea-e26301fa1877}</UniqueIdentifier>
    </Filter>
    <Filter Include="Component\2. Physics\Rigidbody">
      <UniqueIdentifier>{2fa25854-fdb6-4c93-a1d5-bf1c6f681791}</UniqueIdentifier>
    </Filter>
    <Filter Include="Component\3. Renderer">
      <UniqueIdentifier>{8bce0c2c-ac5e-493a-9a3a-954bdc41da10}</UniqueIdentifier>
    </Filter>
    <Filter Include="Component\3. Renderer\Light">
      <UniqueIdentifier>{5bf68f49-4bbc-46d8-996c-51ae4583ad70}</UniqueIdentifier>
    </Filter>
    <Filter Include="Component\3. Renderer\Camera">
      <UniqueIdentifier>{b029a29e-d767-4deb-a584-ef7958d355ca}</UniqueIdentifier>
    </Filter>
    <Filter Include="SoundManager">
      <UniqueIdentifier>{4db416fc-8637-40c4-8896-de7558706be2}</UniqueIdentifier>
    </Filter>
    <Filter Include="Audio">
      <UniqueIdentifier>{0505cefc-87c2-4209-ae57-1b47cad691ff}</UniqueIdentifier>
    </Filter>
  </ItemGroup>
  <ItemGroup>
    <ClCompile Include="GameLoop.cpp">
      <Filter>Core</Filter>
    </ClCompile>
    <ClCompile Include="GameObject.cpp">
      <Filter>GameObject</Filter>
    </ClCompile>
    <ClCompile Include="Camera.cpp">
      <Filter>Component\3. Renderer\Camera</Filter>
    </ClCompile>
    <ClCompile Include="Collider.cpp">
      <Filter>Component\2. Physics\Collider</Filter>
    </ClCompile>
    <ClCompile Include="RigidBody.cpp">
      <Filter>Component\2. Physics\Rigidbody</Filter>
    </ClCompile>
    <ClCompile Include="SceneManager.cpp">
      <Filter>Core\Manager\SceneManager</Filter>
    </ClCompile>
    <ClCompile Include="InputManager.cpp">
      <Filter>Core\Manager\InputManager</Filter>
    </ClCompile>
    <ClCompile Include="PurahEngine.cpp" />
    <ClCompile Include="Componentmanager.cpp">
      <Filter>Component\1. Manager</Filter>
    </ClCompile>
    <ClCompile Include="BoxCollider.cpp">
      <Filter>Component\2. Physics\Collider</Filter>
    </ClCompile>
    <ClCompile Include="Joint.cpp">
      <Filter>Component\2. Physics\Joint</Filter>
    </ClCompile>
    <ClCompile Include="FixedJoint.cpp">
      <Filter>Component\2. Physics\Joint</Filter>
    </ClCompile>
    <ClCompile Include="Component.cpp">
      <Filter>Component\0. Base</Filter>
    </ClCompile>
    <ClCompile Include="Renderer.cpp">
      <Filter>Component\3. Renderer</Filter>
    </ClCompile>
    <ClCompile Include="DirectionalLight.cpp">
      <Filter>Component\3. Renderer\Light</Filter>
    </ClCompile>
    <ClCompile Include="Transform.cpp">
      <Filter>Component\0. Base</Filter>
    </ClCompile>
    <ClCompile Include="TimeController.cpp">
      <Filter>Core\Time</Filter>
    </ClCompile>
    <ClCompile Include="EventCallbackSystem.cpp">
      <Filter>Core\Physics</Filter>
    </ClCompile>
    <ClCompile Include="PhysicsSystem.cpp">
      <Filter>Core\Physics</Filter>
    </ClCompile>
    <ClCompile Include="ModelRenderer.cpp">
      <Filter>Component\3. Renderer</Filter>
    </ClCompile>
    <ClCompile Include="SoundManager.cpp">
      <Filter>SoundManager</Filter>
    </ClCompile>
    <ClCompile Include="AudioListener.cpp" />
    <ClCompile Include="GraphicsManager.cpp">
      <Filter>Core\Manager\GraphicsManager</Filter>
    </ClCompile>
    <ClCompile Include="GraphicsResourceManager.cpp">
      <Filter>Core\Manager\GraphicsManager</Filter>
    </ClCompile>
    <ClCompile Include="MeshRenderer.cpp">
      <Filter>Component\3. Renderer</Filter>
    </ClCompile>
    <ClCompile Include="Light.cpp">
      <Filter>Component\3. Renderer\Light</Filter>
    </ClCompile>
  </ItemGroup>
  <ItemGroup>
    <ClInclude Include="GameLoop.h">
      <Filter>Core</Filter>
    </ClInclude>
    <ClInclude Include="GameObject.h">
      <Filter>GameObject</Filter>
    </ClInclude>
    <ClInclude Include="Camera.h">
      <Filter>Component\3. Renderer\Camera</Filter>
    </ClInclude>
    <ClInclude Include="PurahEngineAPI.h">
      <Filter>Core\dll</Filter>
    </ClInclude>
    <ClInclude Include="PurahEngine.h" />
    <ClInclude Include="Collider.h">
      <Filter>Component\2. Physics\Collider</Filter>
    </ClInclude>
    <ClInclude Include="RigidBody.h">
      <Filter>Component\2. Physics\Rigidbody</Filter>
    </ClInclude>
    <ClInclude Include="SceneManager.h">
      <Filter>Core\Manager\SceneManager</Filter>
    </ClInclude>
    <ClInclude Include="InputManager.h">
      <Filter>Core\Manager\InputManager</Filter>
    </ClInclude>
    <ClInclude Include="Componentmanager.h">
      <Filter>Component\1. Manager</Filter>
    </ClInclude>
    <ClInclude Include="IRenderer.h" />
    <ClInclude Include="BoxCollider.h">
      <Filter>Component\2. Physics\Collider</Filter>
    </ClInclude>
    <ClInclude Include="Joint.h">
      <Filter>Component\2. Physics\Joint</Filter>
    </ClInclude>
    <ClInclude Include="FixedJoint.h">
      <Filter>Component\2. Physics\Joint</Filter>
    </ClInclude>
    <ClInclude Include="Component.h">
      <Filter>Component\0. Base</Filter>
    </ClInclude>
    <ClInclude Include="Renderer.h">
      <Filter>Component\3. Renderer</Filter>
    </ClInclude>
    <ClInclude Include="DirectionalLight.h">
      <Filter>Component\3. Renderer\Light</Filter>
    </ClInclude>
    <ClInclude Include="Transform.h">
      <Filter>Component\0. Base</Filter>
    </ClInclude>
    <ClInclude Include="GraphicsManager.h">
      <Filter>Core\Manager\GraphicsManager</Filter>
    </ClInclude>
    <ClInclude Include="TimeController.h">
      <Filter>Core\Time</Filter>
    </ClInclude>
    <ClInclude Include="EventCallbackSystem.h">
      <Filter>Core\Physics</Filter>
    </ClInclude>
    <ClInclude Include="PhysicsSystem.h">
      <Filter>Core\Physics</Filter>
    </ClInclude>
    <ClInclude Include="ModelRenderer.h">
      <Filter>Component\3. Renderer</Filter>
    </ClInclude>
    <ClInclude Include="SoundManager.h">
      <Filter>SoundManager</Filter>
    </ClInclude>
    <ClInclude Include="AudioListener.h" />
    <ClInclude Include="GraphicsResourceManager.h">
      <Filter>Core\Manager\GraphicsManager</Filter>
    </ClInclude>
    <ClInclude Include="MeshRenderer.h">
      <Filter>Component\3. Renderer</Filter>
    </ClInclude>
    <ClInclude Include="Light.h">
      <Filter>Component\3. Renderer\Light</Filter>
    </ClInclude>
  </ItemGroup>
</Project>