<?xml version="1.0" encoding="utf-8"?>
<Project ToolsVersion="4.0" xmlns="http://schemas.microsoft.com/developer/msbuild/2003">
  <ItemGroup>
    <Filter Include="Component">
      <UniqueIdentifier>{818d1011-ec6b-4b56-a842-117ea284bb65}</UniqueIdentifier>
    </Filter>
    <Filter Include="Core">
      <UniqueIdentifier>{e68248b4-d5ab-4270-8277-6845edee5683}</UniqueIdentifier>
    </Filter>
    <Filter Include="GameObject">
      <UniqueIdentifier>{8943e751-dc73-4a19-bc01-0ed57e3b59da}</UniqueIdentifier>
    </Filter>
    <Filter Include="Core\Transform">
      <UniqueIdentifier>{40dd3d8c-ed88-4f11-87ab-a835fa5206b9}</UniqueIdentifier>
    </Filter>
    <Filter Include="Core\dll">
      <UniqueIdentifier>{2615fabf-51e8-4853-b558-ee689eada209}</UniqueIdentifier>
    </Filter>
    <Filter Include="Rigidbody">
      <UniqueIdentifier>{2fa25854-fdb6-4c93-a1d5-bf1c6f681791}</UniqueIdentifier>
    </Filter>
    <Filter Include="Camera">
      <UniqueIdentifier>{b029a29e-d767-4deb-a584-ef7958d355ca}</UniqueIdentifier>
    </Filter>
    <Filter Include="SceneManager">
      <UniqueIdentifier>{6130b827-11ec-46ba-88b0-d704399f7849}</UniqueIdentifier>
    </Filter>
    <Filter Include="InputManager">
      <UniqueIdentifier>{c76577f9-370f-4a36-b09b-8bb28b636ddc}</UniqueIdentifier>
    </Filter>
    <Filter Include="Component\Manager">
      <UniqueIdentifier>{4a05d4e7-f813-447e-8d56-990fba752ad4}</UniqueIdentifier>
    </Filter>
    <Filter Include="Core\Graphics">
      <UniqueIdentifier>{f7f037aa-7efc-4e26-9456-6a11daed0781}</UniqueIdentifier>
    </Filter>
    <Filter Include="Renderer">
      <UniqueIdentifier>{1c75baf9-836a-402b-9bf3-7d6e9543ba43}</UniqueIdentifier>
    </Filter>
    <Filter Include="Physics">
      <UniqueIdentifier>{4c2fd85b-b061-4d34-a3a0-a44bd07a3344}</UniqueIdentifier>
    </Filter>
    <Filter Include="Physics\Component">
      <UniqueIdentifier>{a5ee2fac-18dc-415c-9ec1-ae489d02ba83}</UniqueIdentifier>
    </Filter>
    <Filter Include="Physics\System">
      <UniqueIdentifier>{0ec0ba64-b61e-4d0f-9a22-7626faedf853}</UniqueIdentifier>
    </Filter>
    <Filter Include="Collider">
      <UniqueIdentifier>{e90a2f97-4873-49a2-83ea-e26301fa1877}</UniqueIdentifier>
    </Filter>
    <Filter Include="Physics\Component\Joint">
      <UniqueIdentifier>{6731ae7b-2c71-4b93-8193-77819af87f22}</UniqueIdentifier>
    </Filter>
  </ItemGroup>
  <ItemGroup>
    <ClCompile Include="Component.cpp">
      <Filter>Component</Filter>
    </ClCompile>
    <ClCompile Include="GameLoop.cpp">
      <Filter>Core</Filter>
    </ClCompile>
    <ClCompile Include="GameObject.cpp">
      <Filter>GameObject</Filter>
    </ClCompile>
    <ClCompile Include="Camera.cpp">
      <Filter>Camera</Filter>
    </ClCompile>
    <ClCompile Include="Transform.cpp">
      <Filter>Core\Transform</Filter>
    </ClCompile>
    <ClCompile Include="Collider.cpp">
      <Filter>Collider</Filter>
    </ClCompile>
    <ClCompile Include="RigidBody.cpp">
      <Filter>Rigidbody</Filter>
    </ClCompile>
    <ClCompile Include="SceneManager.cpp">
      <Filter>SceneManager</Filter>
    </ClCompile>
    <ClCompile Include="InputManager.cpp">
      <Filter>InputManager</Filter>
    </ClCompile>
    <ClCompile Include="PurahEngine.cpp" />
    <ClCompile Include="Componentmanager.cpp">
      <Filter>Component\Manager</Filter>
    </ClCompile>
    <ClCompile Include="GraphicsManager.cpp">
      <Filter>Core\Graphics</Filter>
    </ClCompile>
    <ClCompile Include="Renderer.cpp">
      <Filter>Renderer</Filter>
    </ClCompile>
    <ClCompile Include="PhysicsSystem.cpp">
      <Filter>Physics\System</Filter>
    </ClCompile>
    <ClCompile Include="TimeController.cpp" />
    <ClCompile Include="BoxCollider.cpp">
      <Filter>Collider</Filter>
    </ClCompile>
    <ClCompile Include="Joint.cpp">
      <Filter>Physics\Component\Joint</Filter>
    </ClCompile>
    <ClCompile Include="FixedJoint.cpp">
      <Filter>Physics\Component\Joint</Filter>
    </ClCompile>
  </ItemGroup>
  <ItemGroup>
    <ClInclude Include="Component.h">
      <Filter>Component</Filter>
    </ClInclude>
    <ClInclude Include="GameLoop.h">
      <Filter>Core</Filter>
    </ClInclude>
    <ClInclude Include="GameObject.h">
      <Filter>GameObject</Filter>
    </ClInclude>
    <ClInclude Include="Camera.h">
      <Filter>Camera</Filter>
    </ClInclude>
    <ClInclude Include="Transform.h">
      <Filter>Core\Transform</Filter>
    </ClInclude>
    <ClInclude Include="PurahEngineAPI.h">
      <Filter>Core\dll</Filter>
    </ClInclude>
    <ClInclude Include="PurahEngine.h" />
    <ClInclude Include="Collider.h">
      <Filter>Collider</Filter>
    </ClInclude>
    <ClInclude Include="RigidBody.h">
      <Filter>Rigidbody</Filter>
    </ClInclude>
    <ClInclude Include="SceneManager.h">
      <Filter>SceneManager</Filter>
    </ClInclude>
    <ClInclude Include="InputManager.h">
      <Filter>InputManager</Filter>
    </ClInclude>
    <ClInclude Include="Componentmanager.h">
      <Filter>Component\Manager</Filter>
    </ClInclude>
    <ClInclude Include="GraphicsManager.h">
      <Filter>Core\Graphics</Filter>
    </ClInclude>
    <ClInclude Include="Renderer.h">
      <Filter>Renderer</Filter>
    </ClInclude>
    <ClInclude Include="PhysicsSystem.h">
      <Filter>Physics\System</Filter>
    </ClInclude>
    <ClInclude Include="IRenderer.h" />
    <ClInclude Include="TimeController.h" />
    <ClInclude Include="BoxCollider.h">
      <Filter>Collider</Filter>
    </ClInclude>
    <ClInclude Include="Joint.h">
      <Filter>Physics\Component\Joint</Filter>
    </ClInclude>
    <ClInclude Include="FixedJoint.h">
      <Filter>Physics\Component\Joint</Filter>
    </ClInclude>
  </ItemGroup>
</Project>