<?xml version="1.0" encoding="utf-8"?>
<Project ToolsVersion="4.0" xmlns="http://schemas.microsoft.com/developer/msbuild/2003">
  <ItemGroup>
    <ClCompile Include="main.cpp" />
    <ClCompile Include="SnippetJoint.cpp" />
    <ClCompile Include="SnippetImmUtils.cpp" />
    <ClCompile Include="SnippetUtils.cpp" />
  </ItemGroup>
  <ItemGroup>
    <ClInclude Include="SnippetPVD.h" />
    <ClInclude Include="SnippetPrint.h" />
    <ClInclude Include="SnippetImmUtils.h" />
    <ClInclude Include="SnippetUtils.h" />
  </ItemGroup>
</Project>